
Microsoft Visual Studio Solution File, Format Version 12.00
# Visual Studio 14
VisualStudioVersion = 14.0.25420.1
MinimumVisualStudioVersion = 10.0.40219.1
Project("{F184B08F-C81C-45F6-A57F-5ABD9991F28F}") = "Nukepayload2.N2Engine", "Nukepayload2.N2Engine\Nukepayload2.N2Engine.vbproj", "{33BD32B3-A054-4097-89F7-4128C10A21FC}"
EndProject
Project("{F184B08F-C81C-45F6-A57F-5ABD9991F28F}") = "Nukepayload2.N2Engine.Core", "Nukepayload2.N2Engine.Core\Nukepayload2.N2Engine.Core.vbproj", "{A30BD00A-8BD6-4BD7-8C88-74992C489C25}"
EndProject
Project("{F184B08F-C81C-45F6-A57F-5ABD9991F28F}") = "Nukepayload2.N2Engine.Mono", "Nukepayload2.N2Engine.Mono\Nukepayload2.N2Engine.Mono.vbproj", "{3C650E58-69B0-4CE5-A8E6-F51EAAED184C}"
EndProject
Project("{F184B08F-C81C-45F6-A57F-5ABD9991F28F}") = "Nukepayload2.N2Engine.ActionGames.Core", "Nukepayload2.N2Engine.ActionGames.Core\Nukepayload2.N2Engine.ActionGames.Core.vbproj", "{8D7A38E5-C530-4650-B3AD-CB020B624360}"
EndProject
Project("{F184B08F-C81C-45F6-A57F-5ABD9991F28F}") = "Nukepayload2.N2Engine.TableGames.Core", "Nukepayload2.N2Engine.TableGames.Core\Nukepayload2.N2Engine.TableGames.Core.vbproj", "{46E2996D-9B81-4FCB-8E9A-148A3A6CED63}"
EndProject
Project("{2150E333-8FDC-42A3-9474-1A3956D46DE8}") = "PCL", "PCL", "{944BFB54-BD45-47F3-BDDA-ED24012572C4}"
EndProject
Project("{2150E333-8FDC-42A3-9474-1A3956D46DE8}") = "Independent", "Independent", "{DE3D355D-4473-4217-8C95-241B10E32793}"
EndProject
Project("{2150E333-8FDC-42A3-9474-1A3956D46DE8}") = "Mono", "Mono", "{74F37D22-44D6-419A-A7C5-928F72891012}"
EndProject
Project("{2150E333-8FDC-42A3-9474-1A3956D46DE8}") = "UWP", "UWP", "{A2030ACF-8A1B-492E-9E61-63D0EB08CFCA}"
EndProject
Project("{F184B08F-C81C-45F6-A57F-5ABD9991F28F}") = "Nukepayload2.N2Engine.UWP", "Nukepayload2.N2Engine.UWP\Nukepayload2.N2Engine.UWP.vbproj", "{80604C90-FB0E-4432-89CC-939A1702A91E}"
EndProject
Project("{F184B08F-C81C-45F6-A57F-5ABD9991F28F}") = "Nukepayload2.N2Engine.UWP.Designer", "Nukepayload2.N2Engine.UWP.Designer\Nukepayload2.N2Engine.UWP.Designer.vbproj", "{E1BCB30B-991C-4368-89FB-71C407D1010F}"
EndProject
Project("{F184B08F-C81C-45F6-A57F-5ABD9991F28F}") = "Nukepayload2.N2Engine.RolePlayGames.Core", "Nukepayload2.N2Engine.RolePlayGames.Core\Nukepayload2.N2Engine.RolePlayGames.Core.vbproj", "{ACBC1542-DF92-44AE-845C-2FFD089FC2D6}"
EndProject
Project("{F184B08F-C81C-45F6-A57F-5ABD9991F28F}") = "Nukepayload2.N2Engine.TableGames.UWP.Designer", "Nukepayload2.N2Engine.TableGames.UWP.Designer\Nukepayload2.N2Engine.TableGames.UWP.Designer.vbproj", "{F248D6F2-74C5-41E4-B9C1-5543B06D2022}"
EndProject
Project("{F184B08F-C81C-45F6-A57F-5ABD9991F28F}") = "Nukepayload2.N2Engine.RolePlayGames.UWP.Designer", "Nukepayload2.N2Engine.RolePlayGames.UWP.Designer\Nukepayload2.N2Engine.RolePlayGames.UWP.Designer.vbproj", "{EEC220D5-4072-401A-8B26-08E843A3BD9D}"
EndProject
Project("{F184B08F-C81C-45F6-A57F-5ABD9991F28F}") = "Nukepayload2.N2Engine.ActionGames.UWP.Designer", "Nukepayload2.N2Engine.ActionGames.UWP.Designer\Nukepayload2.N2Engine.ActionGames.UWP.Designer.vbproj", "{CED14F5B-2D3C-4A6A-B830-D40644744DD9}"
EndProject
Project("{2150E333-8FDC-42A3-9474-1A3956D46DE8}") = "Tests", "Tests", "{FE4B3D82-0526-4E1E-A38F-D88B672892F7}"
EndProject
Project("{2150E333-8FDC-42A3-9474-1A3956D46DE8}") = "ClassLibrary", "ClassLibrary", "{270632FF-66C7-4866-990A-E84BCA50F034}"
EndProject
Project("{2150E333-8FDC-42A3-9474-1A3956D46DE8}") = "Mono", "Mono", "{0B4AEA71-94F8-442F-845C-2123AFB17ECA}"
EndProject
Project("{2150E333-8FDC-42A3-9474-1A3956D46DE8}") = "UWP", "UWP", "{5DC9BF36-62CB-4FCD-8625-9213E95957FC}"
EndProject
Project("{2150E333-8FDC-42A3-9474-1A3956D46DE8}") = "PCL", "PCL", "{B8015336-538C-46FB-B329-11DD43F7DE52}"
EndProject
Project("{2150E333-8FDC-42A3-9474-1A3956D46DE8}") = "Application", "Application", "{30228B5E-F3BA-432B-AE6F-9AF48A9311BE}"
EndProject
Project("{2150E333-8FDC-42A3-9474-1A3956D46DE8}") = "MonoGame", "MonoGame", "{28A21CBA-48DF-4BEE-A6CF-844C62DF0312}"
EndProject
Project("{2150E333-8FDC-42A3-9474-1A3956D46DE8}") = "UWP", "UWP", "{72BB25CA-D79C-4EBA-898D-0B51767A76E2}"
EndProject
Project("{2150E333-8FDC-42A3-9474-1A3956D46DE8}") = "Demo", "Demo", "{3EA92E00-3ADB-47F7-AE1C-41FBEE18C27C}"
EndProject
Project("{2150E333-8FDC-42A3-9474-1A3956D46DE8}") = "UnitTest", "UnitTest", "{716F2BA2-2B65-4B6F-A3EA-C9270A09D274}"
EndProject
Project("{2150E333-8FDC-42A3-9474-1A3956D46DE8}") = "PCL", "PCL", "{E6651F39-EB51-4A48-8242-8D637299D129}"
EndProject
Project("{2150E333-8FDC-42A3-9474-1A3956D46DE8}") = "Mono", "Mono", "{922908AC-8673-4A11-8939-B19A0CAE0CF7}"
EndProject
Project("{2150E333-8FDC-42A3-9474-1A3956D46DE8}") = "UWP", "UWP", "{87FD525D-B6EF-44BC-A4E4-ABA1CB59DB11}"
EndProject
Project("{2150E333-8FDC-42A3-9474-1A3956D46DE8}") = "WhiteBox", "WhiteBox", "{51427A09-B118-42C2-9876-BD455D4322E9}"
EndProject
Project("{F184B08F-C81C-45F6-A57F-5ABD9991F28F}") = "N2Demo.Core", "N2Demo.Core\N2Demo.Core.vbproj", "{DF4DD7AB-2687-48D3-9C7B-B1D7F117DBD1}"
EndProject
Project("{F184B08F-C81C-45F6-A57F-5ABD9991F28F}") = "N2Demo.UWP", "N2Demo.UWP\N2Demo.UWP.vbproj", "{A2E34AD1-3C2A-4FC3-88AE-91686E3A9BF9}"
EndProject
Project("{FAE04EC0-301F-11D3-BF4B-00C04F79EFBC}") = "Nukepayload2.N2Engine.UWP.Marshal", "Nukepayload2.N2Engine.UWP.Marshal\Nukepayload2.N2Engine.UWP.Marshal.csproj", "{39170BF8-9DEC-4F79-87BE-58C92DC06EE3}"
EndProject
Project("{2150E333-8FDC-42A3-9474-1A3956D46DE8}") = "Solution Items", "Solution Items", "{2401E3DB-43A4-4EF8-ACFE-B806D19E9FB7}"
	ProjectSection(SolutionItems) = preProject
		README.md = README.md
	EndProjectSection
EndProject
Global
	GlobalSection(SolutionConfigurationPlatforms) = preSolution
		Debug|Any CPU = Debug|Any CPU
		Debug|ARM = Debug|ARM
		Debug|x64 = Debug|x64
		Debug|x86 = Debug|x86
		Release|Any CPU = Release|Any CPU
		Release|ARM = Release|ARM
		Release|x64 = Release|x64
		Release|x86 = Release|x86
	EndGlobalSection
	GlobalSection(ProjectConfigurationPlatforms) = postSolution
		{33BD32B3-A054-4097-89F7-4128C10A21FC}.Debug|Any CPU.ActiveCfg = Debug|Any CPU
		{33BD32B3-A054-4097-89F7-4128C10A21FC}.Debug|Any CPU.Build.0 = Debug|Any CPU
		{33BD32B3-A054-4097-89F7-4128C10A21FC}.Debug|ARM.ActiveCfg = Debug|Any CPU
		{33BD32B3-A054-4097-89F7-4128C10A21FC}.Debug|ARM.Build.0 = Debug|Any CPU
		{33BD32B3-A054-4097-89F7-4128C10A21FC}.Debug|x64.ActiveCfg = Debug|Any CPU
		{33BD32B3-A054-4097-89F7-4128C10A21FC}.Debug|x64.Build.0 = Debug|Any CPU
		{33BD32B3-A054-4097-89F7-4128C10A21FC}.Debug|x86.ActiveCfg = Debug|Any CPU
		{33BD32B3-A054-4097-89F7-4128C10A21FC}.Debug|x86.Build.0 = Debug|Any CPU
		{33BD32B3-A054-4097-89F7-4128C10A21FC}.Release|Any CPU.ActiveCfg = Release|Any CPU
		{33BD32B3-A054-4097-89F7-4128C10A21FC}.Release|Any CPU.Build.0 = Release|Any CPU
		{33BD32B3-A054-4097-89F7-4128C10A21FC}.Release|ARM.ActiveCfg = Release|Any CPU
		{33BD32B3-A054-4097-89F7-4128C10A21FC}.Release|ARM.Build.0 = Release|Any CPU
		{33BD32B3-A054-4097-89F7-4128C10A21FC}.Release|x64.ActiveCfg = Release|Any CPU
		{33BD32B3-A054-4097-89F7-4128C10A21FC}.Release|x64.Build.0 = Release|Any CPU
		{33BD32B3-A054-4097-89F7-4128C10A21FC}.Release|x86.ActiveCfg = Release|Any CPU
		{33BD32B3-A054-4097-89F7-4128C10A21FC}.Release|x86.Build.0 = Release|Any CPU
		{A30BD00A-8BD6-4BD7-8C88-74992C489C25}.Debug|Any CPU.ActiveCfg = Debug|Any CPU
		{A30BD00A-8BD6-4BD7-8C88-74992C489C25}.Debug|Any CPU.Build.0 = Debug|Any CPU
		{A30BD00A-8BD6-4BD7-8C88-74992C489C25}.Debug|ARM.ActiveCfg = Debug|Any CPU
		{A30BD00A-8BD6-4BD7-8C88-74992C489C25}.Debug|ARM.Build.0 = Debug|Any CPU
		{A30BD00A-8BD6-4BD7-8C88-74992C489C25}.Debug|x64.ActiveCfg = Debug|Any CPU
		{A30BD00A-8BD6-4BD7-8C88-74992C489C25}.Debug|x64.Build.0 = Debug|Any CPU
		{A30BD00A-8BD6-4BD7-8C88-74992C489C25}.Debug|x86.ActiveCfg = Debug|Any CPU
		{A30BD00A-8BD6-4BD7-8C88-74992C489C25}.Debug|x86.Build.0 = Debug|Any CPU
		{A30BD00A-8BD6-4BD7-8C88-74992C489C25}.Release|Any CPU.ActiveCfg = Release|Any CPU
		{A30BD00A-8BD6-4BD7-8C88-74992C489C25}.Release|Any CPU.Build.0 = Release|Any CPU
		{A30BD00A-8BD6-4BD7-8C88-74992C489C25}.Release|ARM.ActiveCfg = Release|Any CPU
		{A30BD00A-8BD6-4BD7-8C88-74992C489C25}.Release|ARM.Build.0 = Release|Any CPU
		{A30BD00A-8BD6-4BD7-8C88-74992C489C25}.Release|x64.ActiveCfg = Release|Any CPU
		{A30BD00A-8BD6-4BD7-8C88-74992C489C25}.Release|x64.Build.0 = Release|Any CPU
		{A30BD00A-8BD6-4BD7-8C88-74992C489C25}.Release|x86.ActiveCfg = Release|Any CPU
		{A30BD00A-8BD6-4BD7-8C88-74992C489C25}.Release|x86.Build.0 = Release|Any CPU
		{3C650E58-69B0-4CE5-A8E6-F51EAAED184C}.Debug|Any CPU.ActiveCfg = Debug|Any CPU
		{3C650E58-69B0-4CE5-A8E6-F51EAAED184C}.Debug|Any CPU.Build.0 = Debug|Any CPU
		{3C650E58-69B0-4CE5-A8E6-F51EAAED184C}.Debug|ARM.ActiveCfg = Debug|Any CPU
		{3C650E58-69B0-4CE5-A8E6-F51EAAED184C}.Debug|ARM.Build.0 = Debug|Any CPU
		{3C650E58-69B0-4CE5-A8E6-F51EAAED184C}.Debug|x64.ActiveCfg = Debug|Any CPU
		{3C650E58-69B0-4CE5-A8E6-F51EAAED184C}.Debug|x64.Build.0 = Debug|Any CPU
		{3C650E58-69B0-4CE5-A8E6-F51EAAED184C}.Debug|x86.ActiveCfg = Debug|Any CPU
		{3C650E58-69B0-4CE5-A8E6-F51EAAED184C}.Debug|x86.Build.0 = Debug|Any CPU
		{3C650E58-69B0-4CE5-A8E6-F51EAAED184C}.Release|Any CPU.ActiveCfg = Release|Any CPU
		{3C650E58-69B0-4CE5-A8E6-F51EAAED184C}.Release|Any CPU.Build.0 = Release|Any CPU
		{3C650E58-69B0-4CE5-A8E6-F51EAAED184C}.Release|ARM.ActiveCfg = Release|Any CPU
		{3C650E58-69B0-4CE5-A8E6-F51EAAED184C}.Release|ARM.Build.0 = Release|Any CPU
		{3C650E58-69B0-4CE5-A8E6-F51EAAED184C}.Release|x64.ActiveCfg = Release|Any CPU
		{3C650E58-69B0-4CE5-A8E6-F51EAAED184C}.Release|x64.Build.0 = Release|Any CPU
		{3C650E58-69B0-4CE5-A8E6-F51EAAED184C}.Release|x86.ActiveCfg = Release|Any CPU
		{3C650E58-69B0-4CE5-A8E6-F51EAAED184C}.Release|x86.Build.0 = Release|Any CPU
		{8D7A38E5-C530-4650-B3AD-CB020B624360}.Debug|Any CPU.ActiveCfg = Debug|Any CPU
		{8D7A38E5-C530-4650-B3AD-CB020B624360}.Debug|Any CPU.Build.0 = Debug|Any CPU
		{8D7A38E5-C530-4650-B3AD-CB020B624360}.Debug|ARM.ActiveCfg = Debug|Any CPU
		{8D7A38E5-C530-4650-B3AD-CB020B624360}.Debug|ARM.Build.0 = Debug|Any CPU
		{8D7A38E5-C530-4650-B3AD-CB020B624360}.Debug|x64.ActiveCfg = Debug|Any CPU
		{8D7A38E5-C530-4650-B3AD-CB020B624360}.Debug|x64.Build.0 = Debug|Any CPU
		{8D7A38E5-C530-4650-B3AD-CB020B624360}.Debug|x86.ActiveCfg = Debug|Any CPU
		{8D7A38E5-C530-4650-B3AD-CB020B624360}.Debug|x86.Build.0 = Debug|Any CPU
		{8D7A38E5-C530-4650-B3AD-CB020B624360}.Release|Any CPU.ActiveCfg = Release|Any CPU
		{8D7A38E5-C530-4650-B3AD-CB020B624360}.Release|Any CPU.Build.0 = Release|Any CPU
		{8D7A38E5-C530-4650-B3AD-CB020B624360}.Release|ARM.ActiveCfg = Release|Any CPU
		{8D7A38E5-C530-4650-B3AD-CB020B624360}.Release|ARM.Build.0 = Release|Any CPU
		{8D7A38E5-C530-4650-B3AD-CB020B624360}.Release|x64.ActiveCfg = Release|Any CPU
		{8D7A38E5-C530-4650-B3AD-CB020B624360}.Release|x64.Build.0 = Release|Any CPU
		{8D7A38E5-C530-4650-B3AD-CB020B624360}.Release|x86.ActiveCfg = Release|Any CPU
		{8D7A38E5-C530-4650-B3AD-CB020B624360}.Release|x86.Build.0 = Release|Any CPU
		{46E2996D-9B81-4FCB-8E9A-148A3A6CED63}.Debug|Any CPU.ActiveCfg = Debug|Any CPU
		{46E2996D-9B81-4FCB-8E9A-148A3A6CED63}.Debug|Any CPU.Build.0 = Debug|Any CPU
		{46E2996D-9B81-4FCB-8E9A-148A3A6CED63}.Debug|ARM.ActiveCfg = Debug|Any CPU
		{46E2996D-9B81-4FCB-8E9A-148A3A6CED63}.Debug|ARM.Build.0 = Debug|Any CPU
		{46E2996D-9B81-4FCB-8E9A-148A3A6CED63}.Debug|x64.ActiveCfg = Debug|Any CPU
		{46E2996D-9B81-4FCB-8E9A-148A3A6CED63}.Debug|x64.Build.0 = Debug|Any CPU
		{46E2996D-9B81-4FCB-8E9A-148A3A6CED63}.Debug|x86.ActiveCfg = Debug|Any CPU
		{46E2996D-9B81-4FCB-8E9A-148A3A6CED63}.Debug|x86.Build.0 = Debug|Any CPU
		{46E2996D-9B81-4FCB-8E9A-148A3A6CED63}.Release|Any CPU.ActiveCfg = Release|Any CPU
		{46E2996D-9B81-4FCB-8E9A-148A3A6CED63}.Release|Any CPU.Build.0 = Release|Any CPU
		{46E2996D-9B81-4FCB-8E9A-148A3A6CED63}.Release|ARM.ActiveCfg = Release|Any CPU
		{46E2996D-9B81-4FCB-8E9A-148A3A6CED63}.Release|ARM.Build.0 = Release|Any CPU
		{46E2996D-9B81-4FCB-8E9A-148A3A6CED63}.Release|x64.ActiveCfg = Release|Any CPU
		{46E2996D-9B81-4FCB-8E9A-148A3A6CED63}.Release|x64.Build.0 = Release|Any CPU
		{46E2996D-9B81-4FCB-8E9A-148A3A6CED63}.Release|x86.ActiveCfg = Release|Any CPU
		{46E2996D-9B81-4FCB-8E9A-148A3A6CED63}.Release|x86.Build.0 = Release|Any CPU
		{80604C90-FB0E-4432-89CC-939A1702A91E}.Debug|Any CPU.ActiveCfg = Debug|Any CPU
		{80604C90-FB0E-4432-89CC-939A1702A91E}.Debug|Any CPU.Build.0 = Debug|Any CPU
		{80604C90-FB0E-4432-89CC-939A1702A91E}.Debug|ARM.ActiveCfg = Debug|ARM
		{80604C90-FB0E-4432-89CC-939A1702A91E}.Debug|ARM.Build.0 = Debug|ARM
		{80604C90-FB0E-4432-89CC-939A1702A91E}.Debug|x64.ActiveCfg = Debug|x64
		{80604C90-FB0E-4432-89CC-939A1702A91E}.Debug|x64.Build.0 = Debug|x64
		{80604C90-FB0E-4432-89CC-939A1702A91E}.Debug|x86.ActiveCfg = Debug|x86
		{80604C90-FB0E-4432-89CC-939A1702A91E}.Debug|x86.Build.0 = Debug|x86
		{80604C90-FB0E-4432-89CC-939A1702A91E}.Release|Any CPU.ActiveCfg = Release|Any CPU
		{80604C90-FB0E-4432-89CC-939A1702A91E}.Release|Any CPU.Build.0 = Release|Any CPU
		{80604C90-FB0E-4432-89CC-939A1702A91E}.Release|ARM.ActiveCfg = Release|ARM
		{80604C90-FB0E-4432-89CC-939A1702A91E}.Release|ARM.Build.0 = Release|ARM
		{80604C90-FB0E-4432-89CC-939A1702A91E}.Release|x64.ActiveCfg = Release|x64
		{80604C90-FB0E-4432-89CC-939A1702A91E}.Release|x64.Build.0 = Release|x64
		{80604C90-FB0E-4432-89CC-939A1702A91E}.Release|x86.ActiveCfg = Release|x86
		{80604C90-FB0E-4432-89CC-939A1702A91E}.Release|x86.Build.0 = Release|x86
		{E1BCB30B-991C-4368-89FB-71C407D1010F}.Debug|Any CPU.ActiveCfg = Debug|Any CPU
		{E1BCB30B-991C-4368-89FB-71C407D1010F}.Debug|Any CPU.Build.0 = Debug|Any CPU
		{E1BCB30B-991C-4368-89FB-71C407D1010F}.Debug|ARM.ActiveCfg = Debug|ARM
		{E1BCB30B-991C-4368-89FB-71C407D1010F}.Debug|ARM.Build.0 = Debug|ARM
		{E1BCB30B-991C-4368-89FB-71C407D1010F}.Debug|x64.ActiveCfg = Debug|x64
		{E1BCB30B-991C-4368-89FB-71C407D1010F}.Debug|x64.Build.0 = Debug|x64
		{E1BCB30B-991C-4368-89FB-71C407D1010F}.Debug|x86.ActiveCfg = Debug|x86
		{E1BCB30B-991C-4368-89FB-71C407D1010F}.Debug|x86.Build.0 = Debug|x86
		{E1BCB30B-991C-4368-89FB-71C407D1010F}.Release|Any CPU.ActiveCfg = Release|Any CPU
		{E1BCB30B-991C-4368-89FB-71C407D1010F}.Release|Any CPU.Build.0 = Release|Any CPU
		{E1BCB30B-991C-4368-89FB-71C407D1010F}.Release|ARM.ActiveCfg = Release|ARM
		{E1BCB30B-991C-4368-89FB-71C407D1010F}.Release|ARM.Build.0 = Release|ARM
		{E1BCB30B-991C-4368-89FB-71C407D1010F}.Release|x64.ActiveCfg = Release|x64
		{E1BCB30B-991C-4368-89FB-71C407D1010F}.Release|x64.Build.0 = Release|x64
		{E1BCB30B-991C-4368-89FB-71C407D1010F}.Release|x86.ActiveCfg = Release|x86
		{E1BCB30B-991C-4368-89FB-71C407D1010F}.Release|x86.Build.0 = Release|x86
		{ACBC1542-DF92-44AE-845C-2FFD089FC2D6}.Debug|Any CPU.ActiveCfg = Debug|Any CPU
		{ACBC1542-DF92-44AE-845C-2FFD089FC2D6}.Debug|Any CPU.Build.0 = Debug|Any CPU
		{ACBC1542-DF92-44AE-845C-2FFD089FC2D6}.Debug|ARM.ActiveCfg = Debug|Any CPU
		{ACBC1542-DF92-44AE-845C-2FFD089FC2D6}.Debug|ARM.Build.0 = Debug|Any CPU
		{ACBC1542-DF92-44AE-845C-2FFD089FC2D6}.Debug|x64.ActiveCfg = Debug|Any CPU
		{ACBC1542-DF92-44AE-845C-2FFD089FC2D6}.Debug|x64.Build.0 = Debug|Any CPU
		{ACBC1542-DF92-44AE-845C-2FFD089FC2D6}.Debug|x86.ActiveCfg = Debug|Any CPU
		{ACBC1542-DF92-44AE-845C-2FFD089FC2D6}.Debug|x86.Build.0 = Debug|Any CPU
		{ACBC1542-DF92-44AE-845C-2FFD089FC2D6}.Release|Any CPU.ActiveCfg = Release|Any CPU
		{ACBC1542-DF92-44AE-845C-2FFD089FC2D6}.Release|Any CPU.Build.0 = Release|Any CPU
		{ACBC1542-DF92-44AE-845C-2FFD089FC2D6}.Release|ARM.ActiveCfg = Release|Any CPU
		{ACBC1542-DF92-44AE-845C-2FFD089FC2D6}.Release|ARM.Build.0 = Release|Any CPU
		{ACBC1542-DF92-44AE-845C-2FFD089FC2D6}.Release|x64.ActiveCfg = Release|Any CPU
		{ACBC1542-DF92-44AE-845C-2FFD089FC2D6}.Release|x64.Build.0 = Release|Any CPU
		{ACBC1542-DF92-44AE-845C-2FFD089FC2D6}.Release|x86.ActiveCfg = Release|Any CPU
		{ACBC1542-DF92-44AE-845C-2FFD089FC2D6}.Release|x86.Build.0 = Release|Any CPU
		{F248D6F2-74C5-41E4-B9C1-5543B06D2022}.Debug|Any CPU.ActiveCfg = Debug|Any CPU
		{F248D6F2-74C5-41E4-B9C1-5543B06D2022}.Debug|Any CPU.Build.0 = Debug|Any CPU
		{F248D6F2-74C5-41E4-B9C1-5543B06D2022}.Debug|ARM.ActiveCfg = Debug|ARM
		{F248D6F2-74C5-41E4-B9C1-5543B06D2022}.Debug|ARM.Build.0 = Debug|ARM
		{F248D6F2-74C5-41E4-B9C1-5543B06D2022}.Debug|x64.ActiveCfg = Debug|x64
		{F248D6F2-74C5-41E4-B9C1-5543B06D2022}.Debug|x64.Build.0 = Debug|x64
		{F248D6F2-74C5-41E4-B9C1-5543B06D2022}.Debug|x86.ActiveCfg = Debug|x86
		{F248D6F2-74C5-41E4-B9C1-5543B06D2022}.Debug|x86.Build.0 = Debug|x86
		{F248D6F2-74C5-41E4-B9C1-5543B06D2022}.Release|Any CPU.ActiveCfg = Release|Any CPU
		{F248D6F2-74C5-41E4-B9C1-5543B06D2022}.Release|Any CPU.Build.0 = Release|Any CPU
		{F248D6F2-74C5-41E4-B9C1-5543B06D2022}.Release|ARM.ActiveCfg = Release|ARM
		{F248D6F2-74C5-41E4-B9C1-5543B06D2022}.Release|ARM.Build.0 = Release|ARM
		{F248D6F2-74C5-41E4-B9C1-5543B06D2022}.Release|x64.ActiveCfg = Release|x64
		{F248D6F2-74C5-41E4-B9C1-5543B06D2022}.Release|x64.Build.0 = Release|x64
		{F248D6F2-74C5-41E4-B9C1-5543B06D2022}.Release|x86.ActiveCfg = Release|x86
		{F248D6F2-74C5-41E4-B9C1-5543B06D2022}.Release|x86.Build.0 = Release|x86
		{EEC220D5-4072-401A-8B26-08E843A3BD9D}.Debug|Any CPU.ActiveCfg = Debug|Any CPU
		{EEC220D5-4072-401A-8B26-08E843A3BD9D}.Debug|Any CPU.Build.0 = Debug|Any CPU
		{EEC220D5-4072-401A-8B26-08E843A3BD9D}.Debug|ARM.ActiveCfg = Debug|ARM
		{EEC220D5-4072-401A-8B26-08E843A3BD9D}.Debug|ARM.Build.0 = Debug|ARM
		{EEC220D5-4072-401A-8B26-08E843A3BD9D}.Debug|x64.ActiveCfg = Debug|x64
		{EEC220D5-4072-401A-8B26-08E843A3BD9D}.Debug|x64.Build.0 = Debug|x64
		{EEC220D5-4072-401A-8B26-08E843A3BD9D}.Debug|x86.ActiveCfg = Debug|x86
		{EEC220D5-4072-401A-8B26-08E843A3BD9D}.Debug|x86.Build.0 = Debug|x86
		{EEC220D5-4072-401A-8B26-08E843A3BD9D}.Release|Any CPU.ActiveCfg = Release|Any CPU
		{EEC220D5-4072-401A-8B26-08E843A3BD9D}.Release|Any CPU.Build.0 = Release|Any CPU
		{EEC220D5-4072-401A-8B26-08E843A3BD9D}.Release|ARM.ActiveCfg = Release|ARM
		{EEC220D5-4072-401A-8B26-08E843A3BD9D}.Release|ARM.Build.0 = Release|ARM
		{EEC220D5-4072-401A-8B26-08E843A3BD9D}.Release|x64.ActiveCfg = Release|x64
		{EEC220D5-4072-401A-8B26-08E843A3BD9D}.Release|x64.Build.0 = Release|x64
		{EEC220D5-4072-401A-8B26-08E843A3BD9D}.Release|x86.ActiveCfg = Release|x86
		{EEC220D5-4072-401A-8B26-08E843A3BD9D}.Release|x86.Build.0 = Release|x86
		{CED14F5B-2D3C-4A6A-B830-D40644744DD9}.Debug|Any CPU.ActiveCfg = Debug|Any CPU
		{CED14F5B-2D3C-4A6A-B830-D40644744DD9}.Debug|Any CPU.Build.0 = Debug|Any CPU
		{CED14F5B-2D3C-4A6A-B830-D40644744DD9}.Debug|ARM.ActiveCfg = Debug|ARM
		{CED14F5B-2D3C-4A6A-B830-D40644744DD9}.Debug|ARM.Build.0 = Debug|ARM
		{CED14F5B-2D3C-4A6A-B830-D40644744DD9}.Debug|x64.ActiveCfg = Debug|x64
		{CED14F5B-2D3C-4A6A-B830-D40644744DD9}.Debug|x64.Build.0 = Debug|x64
		{CED14F5B-2D3C-4A6A-B830-D40644744DD9}.Debug|x86.ActiveCfg = Debug|x86
		{CED14F5B-2D3C-4A6A-B830-D40644744DD9}.Debug|x86.Build.0 = Debug|x86
		{CED14F5B-2D3C-4A6A-B830-D40644744DD9}.Release|Any CPU.ActiveCfg = Release|Any CPU
		{CED14F5B-2D3C-4A6A-B830-D40644744DD9}.Release|Any CPU.Build.0 = Release|Any CPU
		{CED14F5B-2D3C-4A6A-B830-D40644744DD9}.Release|ARM.ActiveCfg = Release|ARM
		{CED14F5B-2D3C-4A6A-B830-D40644744DD9}.Release|ARM.Build.0 = Release|ARM
		{CED14F5B-2D3C-4A6A-B830-D40644744DD9}.Release|x64.ActiveCfg = Release|x64
		{CED14F5B-2D3C-4A6A-B830-D40644744DD9}.Release|x64.Build.0 = Release|x64
		{CED14F5B-2D3C-4A6A-B830-D40644744DD9}.Release|x86.ActiveCfg = Release|x86
		{CED14F5B-2D3C-4A6A-B830-D40644744DD9}.Release|x86.Build.0 = Release|x86
		{DF4DD7AB-2687-48D3-9C7B-B1D7F117DBD1}.Debug|Any CPU.ActiveCfg = Debug|Any CPU
		{DF4DD7AB-2687-48D3-9C7B-B1D7F117DBD1}.Debug|Any CPU.Build.0 = Debug|Any CPU
		{DF4DD7AB-2687-48D3-9C7B-B1D7F117DBD1}.Debug|ARM.ActiveCfg = Debug|Any CPU
		{DF4DD7AB-2687-48D3-9C7B-B1D7F117DBD1}.Debug|ARM.Build.0 = Debug|Any CPU
		{DF4DD7AB-2687-48D3-9C7B-B1D7F117DBD1}.Debug|x64.ActiveCfg = Debug|Any CPU
		{DF4DD7AB-2687-48D3-9C7B-B1D7F117DBD1}.Debug|x64.Build.0 = Debug|Any CPU
		{DF4DD7AB-2687-48D3-9C7B-B1D7F117DBD1}.Debug|x86.ActiveCfg = Debug|Any CPU
		{DF4DD7AB-2687-48D3-9C7B-B1D7F117DBD1}.Debug|x86.Build.0 = Debug|Any CPU
		{DF4DD7AB-2687-48D3-9C7B-B1D7F117DBD1}.Release|Any CPU.ActiveCfg = Release|Any CPU
		{DF4DD7AB-2687-48D3-9C7B-B1D7F117DBD1}.Release|Any CPU.Build.0 = Release|Any CPU
		{DF4DD7AB-2687-48D3-9C7B-B1D7F117DBD1}.Release|ARM.ActiveCfg = Release|Any CPU
		{DF4DD7AB-2687-48D3-9C7B-B1D7F117DBD1}.Release|ARM.Build.0 = Release|Any CPU
		{DF4DD7AB-2687-48D3-9C7B-B1D7F117DBD1}.Release|x64.ActiveCfg = Release|Any CPU
		{DF4DD7AB-2687-48D3-9C7B-B1D7F117DBD1}.Release|x64.Build.0 = Release|Any CPU
		{DF4DD7AB-2687-48D3-9C7B-B1D7F117DBD1}.Release|x86.ActiveCfg = Release|Any CPU
		{DF4DD7AB-2687-48D3-9C7B-B1D7F117DBD1}.Release|x86.Build.0 = Release|Any CPU
		{A2E34AD1-3C2A-4FC3-88AE-91686E3A9BF9}.Debug|Any CPU.ActiveCfg = Debug|x86
		{A2E34AD1-3C2A-4FC3-88AE-91686E3A9BF9}.Debug|ARM.ActiveCfg = Debug|ARM
		{A2E34AD1-3C2A-4FC3-88AE-91686E3A9BF9}.Debug|ARM.Build.0 = Debug|ARM
		{A2E34AD1-3C2A-4FC3-88AE-91686E3A9BF9}.Debug|ARM.Deploy.0 = Debug|ARM
		{A2E34AD1-3C2A-4FC3-88AE-91686E3A9BF9}.Debug|x64.ActiveCfg = Debug|x64
		{A2E34AD1-3C2A-4FC3-88AE-91686E3A9BF9}.Debug|x64.Build.0 = Debug|x64
		{A2E34AD1-3C2A-4FC3-88AE-91686E3A9BF9}.Debug|x64.Deploy.0 = Debug|x64
		{A2E34AD1-3C2A-4FC3-88AE-91686E3A9BF9}.Debug|x86.ActiveCfg = Debug|x86
		{A2E34AD1-3C2A-4FC3-88AE-91686E3A9BF9}.Debug|x86.Build.0 = Debug|x86
		{A2E34AD1-3C2A-4FC3-88AE-91686E3A9BF9}.Debug|x86.Deploy.0 = Debug|x86
		{A2E34AD1-3C2A-4FC3-88AE-91686E3A9BF9}.Release|Any CPU.ActiveCfg = Release|x86
		{A2E34AD1-3C2A-4FC3-88AE-91686E3A9BF9}.Release|ARM.ActiveCfg = Release|ARM
		{A2E34AD1-3C2A-4FC3-88AE-91686E3A9BF9}.Release|ARM.Build.0 = Release|ARM
		{A2E34AD1-3C2A-4FC3-88AE-91686E3A9BF9}.Release|ARM.Deploy.0 = Release|ARM
		{A2E34AD1-3C2A-4FC3-88AE-91686E3A9BF9}.Release|x64.ActiveCfg = Release|x64
		{A2E34AD1-3C2A-4FC3-88AE-91686E3A9BF9}.Release|x64.Build.0 = Release|x64
		{A2E34AD1-3C2A-4FC3-88AE-91686E3A9BF9}.Release|x64.Deploy.0 = Release|x64
		{A2E34AD1-3C2A-4FC3-88AE-91686E3A9BF9}.Release|x86.ActiveCfg = Release|x86
		{A2E34AD1-3C2A-4FC3-88AE-91686E3A9BF9}.Release|x86.Build.0 = Release|x86
		{A2E34AD1-3C2A-4FC3-88AE-91686E3A9BF9}.Release|x86.Deploy.0 = Release|x86
		{39170BF8-9DEC-4F79-87BE-58C92DC06EE3}.Debug|Any CPU.ActiveCfg = Debug|Any CPU
		{39170BF8-9DEC-4F79-87BE-58C92DC06EE3}.Debug|Any CPU.Build.0 = Debug|Any CPU
		{39170BF8-9DEC-4F79-87BE-58C92DC06EE3}.Debug|ARM.ActiveCfg = Debug|ARM
		{39170BF8-9DEC-4F79-87BE-58C92DC06EE3}.Debug|ARM.Build.0 = Debug|ARM
		{39170BF8-9DEC-4F79-87BE-58C92DC06EE3}.Debug|x64.ActiveCfg = Debug|x64
		{39170BF8-9DEC-4F79-87BE-58C92DC06EE3}.Debug|x64.Build.0 = Debug|x64
		{39170BF8-9DEC-4F79-87BE-58C92DC06EE3}.Debug|x86.ActiveCfg = Debug|x86
		{39170BF8-9DEC-4F79-87BE-58C92DC06EE3}.Debug|x86.Build.0 = Debug|x86
		{39170BF8-9DEC-4F79-87BE-58C92DC06EE3}.Release|Any CPU.ActiveCfg = Release|Any CPU
		{39170BF8-9DEC-4F79-87BE-58C92DC06EE3}.Release|Any CPU.Build.0 = Release|Any CPU
		{39170BF8-9DEC-4F79-87BE-58C92DC06EE3}.Release|ARM.ActiveCfg = Release|ARM
		{39170BF8-9DEC-4F79-87BE-58C92DC06EE3}.Release|ARM.Build.0 = Release|ARM
		{39170BF8-9DEC-4F79-87BE-58C92DC06EE3}.Release|x64.ActiveCfg = Release|x64
		{39170BF8-9DEC-4F79-87BE-58C92DC06EE3}.Release|x64.Build.0 = Release|x64
		{39170BF8-9DEC-4F79-87BE-58C92DC06EE3}.Release|x86.ActiveCfg = Release|x86
		{39170BF8-9DEC-4F79-87BE-58C92DC06EE3}.Release|x86.Build.0 = Release|x86
	EndGlobalSection
	GlobalSection(SolutionProperties) = preSolution
		HideSolutionNode = FALSE
	EndGlobalSection
	GlobalSection(NestedProjects) = preSolution
		{33BD32B3-A054-4097-89F7-4128C10A21FC} = {DE3D355D-4473-4217-8C95-241B10E32793}
		{A30BD00A-8BD6-4BD7-8C88-74992C489C25} = {DE3D355D-4473-4217-8C95-241B10E32793}
		{3C650E58-69B0-4CE5-A8E6-F51EAAED184C} = {74F37D22-44D6-419A-A7C5-928F72891012}
		{8D7A38E5-C530-4650-B3AD-CB020B624360} = {DE3D355D-4473-4217-8C95-241B10E32793}
		{46E2996D-9B81-4FCB-8E9A-148A3A6CED63} = {DE3D355D-4473-4217-8C95-241B10E32793}
		{DE3D355D-4473-4217-8C95-241B10E32793} = {944BFB54-BD45-47F3-BDDA-ED24012572C4}
		{74F37D22-44D6-419A-A7C5-928F72891012} = {944BFB54-BD45-47F3-BDDA-ED24012572C4}
		{80604C90-FB0E-4432-89CC-939A1702A91E} = {A2030ACF-8A1B-492E-9E61-63D0EB08CFCA}
		{E1BCB30B-991C-4368-89FB-71C407D1010F} = {A2030ACF-8A1B-492E-9E61-63D0EB08CFCA}
		{ACBC1542-DF92-44AE-845C-2FFD089FC2D6} = {DE3D355D-4473-4217-8C95-241B10E32793}
		{F248D6F2-74C5-41E4-B9C1-5543B06D2022} = {A2030ACF-8A1B-492E-9E61-63D0EB08CFCA}
		{EEC220D5-4072-401A-8B26-08E843A3BD9D} = {A2030ACF-8A1B-492E-9E61-63D0EB08CFCA}
		{CED14F5B-2D3C-4A6A-B830-D40644744DD9} = {A2030ACF-8A1B-492E-9E61-63D0EB08CFCA}
		{270632FF-66C7-4866-990A-E84BCA50F034} = {3EA92E00-3ADB-47F7-AE1C-41FBEE18C27C}
		{0B4AEA71-94F8-442F-845C-2123AFB17ECA} = {270632FF-66C7-4866-990A-E84BCA50F034}
		{5DC9BF36-62CB-4FCD-8625-9213E95957FC} = {270632FF-66C7-4866-990A-E84BCA50F034}
		{B8015336-538C-46FB-B329-11DD43F7DE52} = {270632FF-66C7-4866-990A-E84BCA50F034}
		{30228B5E-F3BA-432B-AE6F-9AF48A9311BE} = {3EA92E00-3ADB-47F7-AE1C-41FBEE18C27C}
		{28A21CBA-48DF-4BEE-A6CF-844C62DF0312} = {30228B5E-F3BA-432B-AE6F-9AF48A9311BE}
		{72BB25CA-D79C-4EBA-898D-0B51767A76E2} = {30228B5E-F3BA-432B-AE6F-9AF48A9311BE}
		{3EA92E00-3ADB-47F7-AE1C-41FBEE18C27C} = {FE4B3D82-0526-4E1E-A38F-D88B672892F7}
		{716F2BA2-2B65-4B6F-A3EA-C9270A09D274} = {FE4B3D82-0526-4E1E-A38F-D88B672892F7}
		{E6651F39-EB51-4A48-8242-8D637299D129} = {716F2BA2-2B65-4B6F-A3EA-C9270A09D274}
		{922908AC-8673-4A11-8939-B19A0CAE0CF7} = {716F2BA2-2B65-4B6F-A3EA-C9270A09D274}
		{87FD525D-B6EF-44BC-A4E4-ABA1CB59DB11} = {716F2BA2-2B65-4B6F-A3EA-C9270A09D274}
		{51427A09-B118-42C2-9876-BD455D4322E9} = {FE4B3D82-0526-4E1E-A38F-D88B672892F7}
		{DF4DD7AB-2687-48D3-9C7B-B1D7F117DBD1} = {B8015336-538C-46FB-B329-11DD43F7DE52}
		{A2E34AD1-3C2A-4FC3-88AE-91686E3A9BF9} = {72BB25CA-D79C-4EBA-898D-0B51767A76E2}
		{39170BF8-9DEC-4F79-87BE-58C92DC06EE3} = {A2030ACF-8A1B-492E-9E61-63D0EB08CFCA}
	EndGlobalSection
EndGlobal
