
Microsoft Visual Studio Solution File, Format Version 12.00
# Visual Studio 14
VisualStudioVersion = 14.0.25420.1
MinimumVisualStudioVersion = 10.0.40219.1
Project("{F184B08F-C81C-45F6-A57F-5ABD9991F28F}") = "Nukepayload2.N2Engine.Core", "Nukepayload2.N2Engine.Core\Nukepayload2.N2Engine.Core.vbproj", "{A30BD00A-8BD6-4BD7-8C88-74992C489C25}"
EndProject
Project("{F184B08F-C81C-45F6-A57F-5ABD9991F28F}") = "Nukepayload2.N2Engine.ActionGames.Core", "Nukepayload2.N2Engine.ActionGames.Core\Nukepayload2.N2Engine.ActionGames.Core.vbproj", "{8D7A38E5-C530-4650-B3AD-CB020B624360}"
EndProject
Project("{F184B08F-C81C-45F6-A57F-5ABD9991F28F}") = "Nukepayload2.N2Engine.TableGames.Core", "Nukepayload2.N2Engine.TableGames.Core\Nukepayload2.N2Engine.TableGames.Core.vbproj", "{46E2996D-9B81-4FCB-8E9A-148A3A6CED63}"
EndProject
Project("{2150E333-8FDC-42A3-9474-1A3956D46DE8}") = "PCL", "PCL", "{944BFB54-BD45-47F3-BDDA-ED24012572C4}"
EndProject
Project("{2150E333-8FDC-42A3-9474-1A3956D46DE8}") = "Mono", "Mono", "{74F37D22-44D6-419A-A7C5-928F72891012}"
EndProject
Project("{2150E333-8FDC-42A3-9474-1A3956D46DE8}") = "UWP", "UWP", "{A2030ACF-8A1B-492E-9E61-63D0EB08CFCA}"
EndProject
Project("{F184B08F-C81C-45F6-A57F-5ABD9991F28F}") = "Nukepayload2.N2Engine.UWP", "Nukepayload2.N2Engine.UWP\Nukepayload2.N2Engine.UWP.vbproj", "{80604C90-FB0E-4432-89CC-939A1702A91E}"
EndProject
Project("{F184B08F-C81C-45F6-A57F-5ABD9991F28F}") = "Nukepayload2.N2Engine.UWP.Designer", "Nukepayload2.N2Engine.UWP.Designer\Nukepayload2.N2Engine.UWP.Designer.vbproj", "{E1BCB30B-991C-4368-89FB-71C407D1010F}"
EndProject
Project("{F184B08F-C81C-45F6-A57F-5ABD9991F28F}") = "Nukepayload2.N2Engine.RolePlayGames.Core", "Nukepayload2.N2Engine.RolePlayGames.Core\Nukepayload2.N2Engine.RolePlayGames.Core.vbproj", "{ACBC1542-DF92-44AE-845C-2FFD089FC2D6}"
EndProject
Project("{F184B08F-C81C-45F6-A57F-5ABD9991F28F}") = "Nukepayload2.N2Engine.TableGames.UWP.Designer", "Nukepayload2.N2Engine.TableGames.UWP.Designer\Nukepayload2.N2Engine.TableGames.UWP.Designer.vbproj", "{F248D6F2-74C5-41E4-B9C1-5543B06D2022}"
EndProject
Project("{F184B08F-C81C-45F6-A57F-5ABD9991F28F}") = "Nukepayload2.N2Engine.RolePlayGames.UWP.Designer", "Nukepayload2.N2Engine.RolePlayGames.UWP.Designer\Nukepayload2.N2Engine.RolePlayGames.UWP.Designer.vbproj", "{EEC220D5-4072-401A-8B26-08E843A3BD9D}"
EndProject
Project("{F184B08F-C81C-45F6-A57F-5ABD9991F28F}") = "Nukepayload2.N2Engine.ActionGames.UWP.Designer", "Nukepayload2.N2Engine.ActionGames.UWP.Designer\Nukepayload2.N2Engine.ActionGames.UWP.Designer.vbproj", "{CED14F5B-2D3C-4A6A-B830-D40644744DD9}"
EndProject
Project("{2150E333-8FDC-42A3-9474-1A3956D46DE8}") = "Tests", "Tests", "{FE4B3D82-0526-4E1E-A38F-D88B672892F7}"
EndProject
Project("{2150E333-8FDC-42A3-9474-1A3956D46DE8}") = "ClassLibrary", "ClassLibrary", "{270632FF-66C7-4866-990A-E84BCA50F034}"
EndProject
Project("{2150E333-8FDC-42A3-9474-1A3956D46DE8}") = "Mono", "Mono", "{0B4AEA71-94F8-442F-845C-2123AFB17ECA}"
EndProject
Project("{2150E333-8FDC-42A3-9474-1A3956D46DE8}") = "UWP", "UWP", "{5DC9BF36-62CB-4FCD-8625-9213E95957FC}"
EndProject
Project("{2150E333-8FDC-42A3-9474-1A3956D46DE8}") = "PCL", "PCL", "{B8015336-538C-46FB-B329-11DD43F7DE52}"
EndProject
Project("{2150E333-8FDC-42A3-9474-1A3956D46DE8}") = "Application", "Application", "{30228B5E-F3BA-432B-AE6F-9AF48A9311BE}"
EndProject
Project("{2150E333-8FDC-42A3-9474-1A3956D46DE8}") = "MonoGame", "MonoGame", "{28A21CBA-48DF-4BEE-A6CF-844C62DF0312}"
EndProject
Project("{2150E333-8FDC-42A3-9474-1A3956D46DE8}") = "UWP", "UWP", "{72BB25CA-D79C-4EBA-898D-0B51767A76E2}"
EndProject
Project("{2150E333-8FDC-42A3-9474-1A3956D46DE8}") = "Demo", "Demo", "{3EA92E00-3ADB-47F7-AE1C-41FBEE18C27C}"
EndProject
Project("{2150E333-8FDC-42A3-9474-1A3956D46DE8}") = "UnitTest", "UnitTest", "{716F2BA2-2B65-4B6F-A3EA-C9270A09D274}"
EndProject
Project("{2150E333-8FDC-42A3-9474-1A3956D46DE8}") = "PCL", "PCL", "{E6651F39-EB51-4A48-8242-8D637299D129}"
EndProject
Project("{2150E333-8FDC-42A3-9474-1A3956D46DE8}") = "Mono", "Mono", "{922908AC-8673-4A11-8939-B19A0CAE0CF7}"
EndProject
Project("{2150E333-8FDC-42A3-9474-1A3956D46DE8}") = "UWP", "UWP", "{87FD525D-B6EF-44BC-A4E4-ABA1CB59DB11}"
EndProject
Project("{2150E333-8FDC-42A3-9474-1A3956D46DE8}") = "WhiteBox", "WhiteBox", "{51427A09-B118-42C2-9876-BD455D4322E9}"
EndProject
Project("{F184B08F-C81C-45F6-A57F-5ABD9991F28F}") = "N2Demo.Core", "N2Demo.Core\N2Demo.Core.vbproj", "{DF4DD7AB-2687-48D3-9C7B-B1D7F117DBD1}"
EndProject
Project("{F184B08F-C81C-45F6-A57F-5ABD9991F28F}") = "N2Demo.UWP", "N2Demo.UWP\N2Demo.UWP.vbproj", "{A2E34AD1-3C2A-4FC3-88AE-91686E3A9BF9}"
EndProject
Project("{FAE04EC0-301F-11D3-BF4B-00C04F79EFBC}") = "Nukepayload2.N2Engine.UWP.Marshal", "Nukepayload2.N2Engine.UWP.Marshal\Nukepayload2.N2Engine.UWP.Marshal.csproj", "{39170BF8-9DEC-4F79-87BE-58C92DC06EE3}"
EndProject
Project("{2150E333-8FDC-42A3-9474-1A3956D46DE8}") = "Solution Items", "Solution Items", "{2401E3DB-43A4-4EF8-ACFE-B806D19E9FB7}"
	ProjectSection(SolutionItems) = preProject
		RaisingStudio.Xna.Graphics.License.txt = RaisingStudio.Xna.Graphics.License.txt
		RaisingStudio.Xna.Graphics.Summary.txt = RaisingStudio.Xna.Graphics.Summary.txt
		README.md = README.md
		代码规范.md = 代码规范.md
		可移植的粒子系统.md = 可移植的粒子系统.md
	EndProjectSection
EndProject
Project("{F184B08F-C81C-45F6-A57F-5ABD9991F28F}") = "Nukepayload2.N2Engine.Win32", "Nukepayload2.N2Engine.Win32\Nukepayload2.N2Engine.Win32.vbproj", "{79CA7B28-8AA2-4C54-85CE-E44C52E719A0}"
EndProject
Project("{D954291E-2A0B-460D-934E-DC6B0785DB48}") = "Nukepayload2.N2Engine.Mono", "Nukepayload2.N2Engine.Mono\Nukepayload2.N2Engine.Mono.shproj", "{AB1598CB-3AE1-4770-B439-3B2DAEA171ED}"
EndProject
Project("{F184B08F-C81C-45F6-A57F-5ABD9991F28F}") = "Nukepayload2.N2Engine.Android", "Nukepayload2.N2Engine.Android\Nukepayload2.N2Engine.Android.vbproj", "{AA2EA02E-F413-48AC-B384-AC59906BF91F}"
EndProject
Project("{F184B08F-C81C-45F6-A57F-5ABD9991F28F}") = "Nukepayload2.N2Engine.iOS", "Nukepayload2.N2Engine.iOS\Nukepayload2.N2Engine.iOS.vbproj", "{B6900D0C-E801-40E6-AD35-7FEF0F7B57C4}"
EndProject
Project("{2150E333-8FDC-42A3-9474-1A3956D46DE8}") = "Helpers", "Helpers", "{5C9BDD09-AC6B-4143-A763-F4FC9F890289}"
EndProject
Project("{FAE04EC0-301F-11D3-BF4B-00C04F79EFBC}") = "RaisingStudio.Xna.Graphics.Win32", "RaisingStudio.Xna.Graphics.Win32\RaisingStudio.Xna.Graphics.Win32.csproj", "{52BCBC06-9A5B-4605-ABCA-F3CD600FA30A}"
EndProject
Project("{D954291E-2A0B-460D-934E-DC6B0785DB48}") = "RaisingStudio.Xna.Graphics.Shared", "RaisingStudio.Xna.Graphics.Shared\RaisingStudio.Xna.Graphics.Shared.shproj", "{25FF50DA-E05C-4E11-B60F-259D4088FC7F}"
EndProject
Project("{FAE04EC0-301F-11D3-BF4B-00C04F79EFBC}") = "RaisingStudio.Xna.Graphics.Android", "RaisingStudio.Xna.Graphics.Android\RaisingStudio.Xna.Graphics.Android.csproj", "{728DA484-91F3-4395-8143-91258D30296F}"
EndProject
Project("{FAE04EC0-301F-11D3-BF4B-00C04F79EFBC}") = "RaisingStudio.Xna.Graphics.iOS", "RaisingStudio.Xna.Graphics.iOS\RaisingStudio.Xna.Graphics.iOS.csproj", "{E1A3E111-A8F0-4EF9-8C65-13DD3CE5855B}"
EndProject
Project("{FAE04EC0-301F-11D3-BF4B-00C04F79EFBC}") = "RaisingStudio.Xna.Graphics.Wp81", "RaisingStudio.Xna.Graphics.Wp81\RaisingStudio.Xna.Graphics.Wp81.csproj", "{53B47D44-88A3-416B-9DAA-2AEC6EEDB3DD}"
EndProject
Project("{F184B08F-C81C-45F6-A57F-5ABD9991F28F}") = "Nukepayload2.N2Engine.Wp81", "Nukepayload2.N2Engine.Wp81\Nukepayload2.N2Engine.Wp81.vbproj", "{50A081CB-E5DD-4528-A9EE-5885BD8F35A3}"
EndProject
Project("{FAE04EC0-301F-11D3-BF4B-00C04F79EFBC}") = "RaisingStudio.Xna.Graphics.UWP", "RaisingStudio.Xna.Graphics.UWP\RaisingStudio.Xna.Graphics.UWP.csproj", "{CA20682B-FEC9-46E1-8293-6896E8FC16A3}"
EndProject
Project("{F184B08F-C81C-45F6-A57F-5ABD9991F28F}") = "Nukepayload2.N2Engine.MonoOnUWP", "Nukepayload2.N2Engine.MonoOnUWP\Nukepayload2.N2Engine.MonoOnUWP.vbproj", "{F828DE3A-FD32-4C19-A6EE-9D0DD740F003}"
EndProject
Project("{F184B08F-C81C-45F6-A57F-5ABD9991F28F}") = "N2Demo.Win32", "N2Demo.Win32\N2Demo.Win32.vbproj", "{325B2127-BEE1-44F5-B040-4FFDA7A32D7B}"
EndProject
Project("{F184B08F-C81C-45F6-A57F-5ABD9991F28F}") = "libExtraWindow", "..\..\vs2013\libExtraWindow\libExtraWindow\libExtraWindow.vbproj", "{643A914E-EFA5-45A9-A632-B0546A2D5E71}"
EndProject
Project("{2150E333-8FDC-42A3-9474-1A3956D46DE8}") = "External", "External", "{7544C03A-22D7-49DA-BFD2-608E9C18FE8A}"
EndProject
Project("{FAE04EC0-301F-11D3-BF4B-00C04F79EFBC}") = "N2Demo.Android", "N2Demo.Android\N2Demo.Android.csproj", "{19CF8DCF-9A87-4E2C-BE7F-882C08C36D91}"
EndProject
Project("{F184B08F-C81C-45F6-A57F-5ABD9991F28F}") = "N2Demo.WP81", "N2Demo.WP81\N2Demo.WP81.vbproj", "{4A098B1A-F3AD-4896-9536-1E8429503514}"
EndProject
Project("{F184B08F-C81C-45F6-A57F-5ABD9991F28F}") = "N2Demo.MonoOnUWP", "N2Demo.MonoOnUWP\N2Demo.MonoOnUWP.vbproj", "{CC256F42-F59A-4607-8734-D07064C6E36E}"
EndProject
Global
	GlobalSection(SharedMSBuildProjectFiles) = preSolution
		RaisingStudio.Xna.Graphics.Shared\RaisingStudio.Xna.Graphics.Shared.projitems*{25ff50da-e05c-4e11-b60f-259d4088fc7f}*SharedItemsImports = 13
		Nukepayload2.N2Engine.Mono\Nukepayload2.N2Engine.Mono.projitems*{50a081cb-e5dd-4528-a9ee-5885bd8f35a3}*SharedItemsImports = 4
		RaisingStudio.Xna.Graphics.Shared\RaisingStudio.Xna.Graphics.Shared.projitems*{52bcbc06-9a5b-4605-abca-f3cd600fa30a}*SharedItemsImports = 4
		RaisingStudio.Xna.Graphics.Shared\RaisingStudio.Xna.Graphics.Shared.projitems*{53b47d44-88a3-416b-9daa-2aec6eedb3dd}*SharedItemsImports = 4
		RaisingStudio.Xna.Graphics.Shared\RaisingStudio.Xna.Graphics.Shared.projitems*{728da484-91f3-4395-8143-91258d30296f}*SharedItemsImports = 4
		Nukepayload2.N2Engine.Mono\Nukepayload2.N2Engine.Mono.projitems*{79ca7b28-8aa2-4c54-85ce-e44c52e719a0}*SharedItemsImports = 4
		Nukepayload2.N2Engine.Mono\Nukepayload2.N2Engine.Mono.projitems*{aa2ea02e-f413-48ac-b384-ac59906bf91f}*SharedItemsImports = 4
		Nukepayload2.N2Engine.Mono\Nukepayload2.N2Engine.Mono.projitems*{ab1598cb-3ae1-4770-b439-3b2daea171ed}*SharedItemsImports = 13
		Nukepayload2.N2Engine.Mono\Nukepayload2.N2Engine.Mono.projitems*{b6900d0c-e801-40e6-ad35-7fef0f7b57c4}*SharedItemsImports = 4
		RaisingStudio.Xna.Graphics.Shared\RaisingStudio.Xna.Graphics.Shared.projitems*{ca20682b-fec9-46e1-8293-6896e8fc16a3}*SharedItemsImports = 4
		RaisingStudio.Xna.Graphics.Shared\RaisingStudio.Xna.Graphics.Shared.projitems*{e1a3e111-a8f0-4ef9-8c65-13dd3ce5855b}*SharedItemsImports = 4
		Nukepayload2.N2Engine.Mono\Nukepayload2.N2Engine.Mono.projitems*{f828de3a-fd32-4c19-a6ee-9d0dd740f003}*SharedItemsImports = 4
	EndGlobalSection
	GlobalSection(SolutionConfigurationPlatforms) = preSolution
		Debug|Any CPU = Debug|Any CPU
		Debug|ARM = Debug|ARM
		Debug|x64 = Debug|x64
		Debug|x86 = Debug|x86
		Release|Any CPU = Release|Any CPU
		Release|ARM = Release|ARM
		Release|x64 = Release|x64
		Release|x86 = Release|x86
	EndGlobalSection
	GlobalSection(ProjectConfigurationPlatforms) = postSolution
		{A30BD00A-8BD6-4BD7-8C88-74992C489C25}.Debug|Any CPU.ActiveCfg = Debug|Any CPU
		{A30BD00A-8BD6-4BD7-8C88-74992C489C25}.Debug|Any CPU.Build.0 = Debug|Any CPU
		{A30BD00A-8BD6-4BD7-8C88-74992C489C25}.Debug|ARM.ActiveCfg = Debug|ARM
		{A30BD00A-8BD6-4BD7-8C88-74992C489C25}.Debug|ARM.Build.0 = Debug|ARM
		{A30BD00A-8BD6-4BD7-8C88-74992C489C25}.Debug|x64.ActiveCfg = Debug|Any CPU
		{A30BD00A-8BD6-4BD7-8C88-74992C489C25}.Debug|x64.Build.0 = Debug|Any CPU
		{A30BD00A-8BD6-4BD7-8C88-74992C489C25}.Debug|x86.ActiveCfg = Debug|Any CPU
		{A30BD00A-8BD6-4BD7-8C88-74992C489C25}.Debug|x86.Build.0 = Debug|Any CPU
		{A30BD00A-8BD6-4BD7-8C88-74992C489C25}.Release|Any CPU.ActiveCfg = Release|Any CPU
		{A30BD00A-8BD6-4BD7-8C88-74992C489C25}.Release|Any CPU.Build.0 = Release|Any CPU
		{A30BD00A-8BD6-4BD7-8C88-74992C489C25}.Release|ARM.ActiveCfg = Release|Any CPU
		{A30BD00A-8BD6-4BD7-8C88-74992C489C25}.Release|ARM.Build.0 = Release|Any CPU
		{A30BD00A-8BD6-4BD7-8C88-74992C489C25}.Release|x64.ActiveCfg = Release|Any CPU
		{A30BD00A-8BD6-4BD7-8C88-74992C489C25}.Release|x64.Build.0 = Release|Any CPU
		{A30BD00A-8BD6-4BD7-8C88-74992C489C25}.Release|x86.ActiveCfg = Release|Any CPU
		{A30BD00A-8BD6-4BD7-8C88-74992C489C25}.Release|x86.Build.0 = Release|Any CPU
		{8D7A38E5-C530-4650-B3AD-CB020B624360}.Debug|Any CPU.ActiveCfg = Debug|Any CPU
		{8D7A38E5-C530-4650-B3AD-CB020B624360}.Debug|Any CPU.Build.0 = Debug|Any CPU
		{8D7A38E5-C530-4650-B3AD-CB020B624360}.Debug|ARM.ActiveCfg = Debug|Any CPU
		{8D7A38E5-C530-4650-B3AD-CB020B624360}.Debug|ARM.Build.0 = Debug|Any CPU
		{8D7A38E5-C530-4650-B3AD-CB020B624360}.Debug|x64.ActiveCfg = Debug|Any CPU
		{8D7A38E5-C530-4650-B3AD-CB020B624360}.Debug|x64.Build.0 = Debug|Any CPU
		{8D7A38E5-C530-4650-B3AD-CB020B624360}.Debug|x86.ActiveCfg = Debug|Any CPU
		{8D7A38E5-C530-4650-B3AD-CB020B624360}.Debug|x86.Build.0 = Debug|Any CPU
		{8D7A38E5-C530-4650-B3AD-CB020B624360}.Release|Any CPU.ActiveCfg = Release|Any CPU
		{8D7A38E5-C530-4650-B3AD-CB020B624360}.Release|Any CPU.Build.0 = Release|Any CPU
		{8D7A38E5-C530-4650-B3AD-CB020B624360}.Release|ARM.ActiveCfg = Release|Any CPU
		{8D7A38E5-C530-4650-B3AD-CB020B624360}.Release|ARM.Build.0 = Release|Any CPU
		{8D7A38E5-C530-4650-B3AD-CB020B624360}.Release|x64.ActiveCfg = Release|Any CPU
		{8D7A38E5-C530-4650-B3AD-CB020B624360}.Release|x64.Build.0 = Release|Any CPU
		{8D7A38E5-C530-4650-B3AD-CB020B624360}.Release|x86.ActiveCfg = Release|Any CPU
		{8D7A38E5-C530-4650-B3AD-CB020B624360}.Release|x86.Build.0 = Release|Any CPU
		{46E2996D-9B81-4FCB-8E9A-148A3A6CED63}.Debug|Any CPU.ActiveCfg = Debug|Any CPU
		{46E2996D-9B81-4FCB-8E9A-148A3A6CED63}.Debug|Any CPU.Build.0 = Debug|Any CPU
		{46E2996D-9B81-4FCB-8E9A-148A3A6CED63}.Debug|ARM.ActiveCfg = Debug|Any CPU
		{46E2996D-9B81-4FCB-8E9A-148A3A6CED63}.Debug|ARM.Build.0 = Debug|Any CPU
		{46E2996D-9B81-4FCB-8E9A-148A3A6CED63}.Debug|x64.ActiveCfg = Debug|Any CPU
		{46E2996D-9B81-4FCB-8E9A-148A3A6CED63}.Debug|x64.Build.0 = Debug|Any CPU
		{46E2996D-9B81-4FCB-8E9A-148A3A6CED63}.Debug|x86.ActiveCfg = Debug|Any CPU
		{46E2996D-9B81-4FCB-8E9A-148A3A6CED63}.Debug|x86.Build.0 = Debug|Any CPU
		{46E2996D-9B81-4FCB-8E9A-148A3A6CED63}.Release|Any CPU.ActiveCfg = Release|Any CPU
		{46E2996D-9B81-4FCB-8E9A-148A3A6CED63}.Release|Any CPU.Build.0 = Release|Any CPU
		{46E2996D-9B81-4FCB-8E9A-148A3A6CED63}.Release|ARM.ActiveCfg = Release|Any CPU
		{46E2996D-9B81-4FCB-8E9A-148A3A6CED63}.Release|ARM.Build.0 = Release|Any CPU
		{46E2996D-9B81-4FCB-8E9A-148A3A6CED63}.Release|x64.ActiveCfg = Release|Any CPU
		{46E2996D-9B81-4FCB-8E9A-148A3A6CED63}.Release|x64.Build.0 = Release|Any CPU
		{46E2996D-9B81-4FCB-8E9A-148A3A6CED63}.Release|x86.ActiveCfg = Release|Any CPU
		{46E2996D-9B81-4FCB-8E9A-148A3A6CED63}.Release|x86.Build.0 = Release|Any CPU
		{80604C90-FB0E-4432-89CC-939A1702A91E}.Debug|Any CPU.ActiveCfg = Debug|Any CPU
		{80604C90-FB0E-4432-89CC-939A1702A91E}.Debug|Any CPU.Build.0 = Debug|Any CPU
		{80604C90-FB0E-4432-89CC-939A1702A91E}.Debug|ARM.ActiveCfg = Debug|ARM
		{80604C90-FB0E-4432-89CC-939A1702A91E}.Debug|ARM.Build.0 = Debug|ARM
		{80604C90-FB0E-4432-89CC-939A1702A91E}.Debug|x64.ActiveCfg = Debug|x64
		{80604C90-FB0E-4432-89CC-939A1702A91E}.Debug|x64.Build.0 = Debug|x64
		{80604C90-FB0E-4432-89CC-939A1702A91E}.Debug|x86.ActiveCfg = Debug|x86
		{80604C90-FB0E-4432-89CC-939A1702A91E}.Debug|x86.Build.0 = Debug|x86
		{80604C90-FB0E-4432-89CC-939A1702A91E}.Release|Any CPU.ActiveCfg = Release|Any CPU
		{80604C90-FB0E-4432-89CC-939A1702A91E}.Release|Any CPU.Build.0 = Release|Any CPU
		{80604C90-FB0E-4432-89CC-939A1702A91E}.Release|ARM.ActiveCfg = Release|ARM
		{80604C90-FB0E-4432-89CC-939A1702A91E}.Release|ARM.Build.0 = Release|ARM
		{80604C90-FB0E-4432-89CC-939A1702A91E}.Release|x64.ActiveCfg = Release|x64
		{80604C90-FB0E-4432-89CC-939A1702A91E}.Release|x64.Build.0 = Release|x64
		{80604C90-FB0E-4432-89CC-939A1702A91E}.Release|x86.ActiveCfg = Release|x86
		{80604C90-FB0E-4432-89CC-939A1702A91E}.Release|x86.Build.0 = Release|x86
		{E1BCB30B-991C-4368-89FB-71C407D1010F}.Debug|Any CPU.ActiveCfg = Debug|Any CPU
		{E1BCB30B-991C-4368-89FB-71C407D1010F}.Debug|Any CPU.Build.0 = Debug|Any CPU
		{E1BCB30B-991C-4368-89FB-71C407D1010F}.Debug|ARM.ActiveCfg = Debug|ARM
		{E1BCB30B-991C-4368-89FB-71C407D1010F}.Debug|ARM.Build.0 = Debug|ARM
		{E1BCB30B-991C-4368-89FB-71C407D1010F}.Debug|x64.ActiveCfg = Debug|x64
		{E1BCB30B-991C-4368-89FB-71C407D1010F}.Debug|x64.Build.0 = Debug|x64
		{E1BCB30B-991C-4368-89FB-71C407D1010F}.Debug|x86.ActiveCfg = Debug|x86
		{E1BCB30B-991C-4368-89FB-71C407D1010F}.Debug|x86.Build.0 = Debug|x86
		{E1BCB30B-991C-4368-89FB-71C407D1010F}.Release|Any CPU.ActiveCfg = Release|Any CPU
		{E1BCB30B-991C-4368-89FB-71C407D1010F}.Release|Any CPU.Build.0 = Release|Any CPU
		{E1BCB30B-991C-4368-89FB-71C407D1010F}.Release|ARM.ActiveCfg = Release|ARM
		{E1BCB30B-991C-4368-89FB-71C407D1010F}.Release|ARM.Build.0 = Release|ARM
		{E1BCB30B-991C-4368-89FB-71C407D1010F}.Release|x64.ActiveCfg = Release|x64
		{E1BCB30B-991C-4368-89FB-71C407D1010F}.Release|x64.Build.0 = Release|x64
		{E1BCB30B-991C-4368-89FB-71C407D1010F}.Release|x86.ActiveCfg = Release|x86
		{E1BCB30B-991C-4368-89FB-71C407D1010F}.Release|x86.Build.0 = Release|x86
		{ACBC1542-DF92-44AE-845C-2FFD089FC2D6}.Debug|Any CPU.ActiveCfg = Debug|Any CPU
		{ACBC1542-DF92-44AE-845C-2FFD089FC2D6}.Debug|Any CPU.Build.0 = Debug|Any CPU
		{ACBC1542-DF92-44AE-845C-2FFD089FC2D6}.Debug|ARM.ActiveCfg = Debug|Any CPU
		{ACBC1542-DF92-44AE-845C-2FFD089FC2D6}.Debug|ARM.Build.0 = Debug|Any CPU
		{ACBC1542-DF92-44AE-845C-2FFD089FC2D6}.Debug|x64.ActiveCfg = Debug|Any CPU
		{ACBC1542-DF92-44AE-845C-2FFD089FC2D6}.Debug|x64.Build.0 = Debug|Any CPU
		{ACBC1542-DF92-44AE-845C-2FFD089FC2D6}.Debug|x86.ActiveCfg = Debug|Any CPU
		{ACBC1542-DF92-44AE-845C-2FFD089FC2D6}.Debug|x86.Build.0 = Debug|Any CPU
		{ACBC1542-DF92-44AE-845C-2FFD089FC2D6}.Release|Any CPU.ActiveCfg = Release|Any CPU
		{ACBC1542-DF92-44AE-845C-2FFD089FC2D6}.Release|Any CPU.Build.0 = Release|Any CPU
		{ACBC1542-DF92-44AE-845C-2FFD089FC2D6}.Release|ARM.ActiveCfg = Release|Any CPU
		{ACBC1542-DF92-44AE-845C-2FFD089FC2D6}.Release|ARM.Build.0 = Release|Any CPU
		{ACBC1542-DF92-44AE-845C-2FFD089FC2D6}.Release|x64.ActiveCfg = Release|Any CPU
		{ACBC1542-DF92-44AE-845C-2FFD089FC2D6}.Release|x64.Build.0 = Release|Any CPU
		{ACBC1542-DF92-44AE-845C-2FFD089FC2D6}.Release|x86.ActiveCfg = Release|Any CPU
		{ACBC1542-DF92-44AE-845C-2FFD089FC2D6}.Release|x86.Build.0 = Release|Any CPU
		{F248D6F2-74C5-41E4-B9C1-5543B06D2022}.Debug|Any CPU.ActiveCfg = Debug|Any CPU
		{F248D6F2-74C5-41E4-B9C1-5543B06D2022}.Debug|Any CPU.Build.0 = Debug|Any CPU
		{F248D6F2-74C5-41E4-B9C1-5543B06D2022}.Debug|ARM.ActiveCfg = Debug|ARM
		{F248D6F2-74C5-41E4-B9C1-5543B06D2022}.Debug|ARM.Build.0 = Debug|ARM
		{F248D6F2-74C5-41E4-B9C1-5543B06D2022}.Debug|x64.ActiveCfg = Debug|x64
		{F248D6F2-74C5-41E4-B9C1-5543B06D2022}.Debug|x64.Build.0 = Debug|x64
		{F248D6F2-74C5-41E4-B9C1-5543B06D2022}.Debug|x86.ActiveCfg = Debug|x86
		{F248D6F2-74C5-41E4-B9C1-5543B06D2022}.Debug|x86.Build.0 = Debug|x86
		{F248D6F2-74C5-41E4-B9C1-5543B06D2022}.Release|Any CPU.ActiveCfg = Release|Any CPU
		{F248D6F2-74C5-41E4-B9C1-5543B06D2022}.Release|Any CPU.Build.0 = Release|Any CPU
		{F248D6F2-74C5-41E4-B9C1-5543B06D2022}.Release|ARM.ActiveCfg = Release|ARM
		{F248D6F2-74C5-41E4-B9C1-5543B06D2022}.Release|ARM.Build.0 = Release|ARM
		{F248D6F2-74C5-41E4-B9C1-5543B06D2022}.Release|x64.ActiveCfg = Release|x64
		{F248D6F2-74C5-41E4-B9C1-5543B06D2022}.Release|x64.Build.0 = Release|x64
		{F248D6F2-74C5-41E4-B9C1-5543B06D2022}.Release|x86.ActiveCfg = Release|x86
		{F248D6F2-74C5-41E4-B9C1-5543B06D2022}.Release|x86.Build.0 = Release|x86
		{EEC220D5-4072-401A-8B26-08E843A3BD9D}.Debug|Any CPU.ActiveCfg = Debug|Any CPU
		{EEC220D5-4072-401A-8B26-08E843A3BD9D}.Debug|Any CPU.Build.0 = Debug|Any CPU
		{EEC220D5-4072-401A-8B26-08E843A3BD9D}.Debug|ARM.ActiveCfg = Debug|ARM
		{EEC220D5-4072-401A-8B26-08E843A3BD9D}.Debug|ARM.Build.0 = Debug|ARM
		{EEC220D5-4072-401A-8B26-08E843A3BD9D}.Debug|x64.ActiveCfg = Debug|x64
		{EEC220D5-4072-401A-8B26-08E843A3BD9D}.Debug|x64.Build.0 = Debug|x64
		{EEC220D5-4072-401A-8B26-08E843A3BD9D}.Debug|x86.ActiveCfg = Debug|x86
		{EEC220D5-4072-401A-8B26-08E843A3BD9D}.Debug|x86.Build.0 = Debug|x86
		{EEC220D5-4072-401A-8B26-08E843A3BD9D}.Release|Any CPU.ActiveCfg = Release|Any CPU
		{EEC220D5-4072-401A-8B26-08E843A3BD9D}.Release|Any CPU.Build.0 = Release|Any CPU
		{EEC220D5-4072-401A-8B26-08E843A3BD9D}.Release|ARM.ActiveCfg = Release|ARM
		{EEC220D5-4072-401A-8B26-08E843A3BD9D}.Release|ARM.Build.0 = Release|ARM
		{EEC220D5-4072-401A-8B26-08E843A3BD9D}.Release|x64.ActiveCfg = Release|x64
		{EEC220D5-4072-401A-8B26-08E843A3BD9D}.Release|x64.Build.0 = Release|x64
		{EEC220D5-4072-401A-8B26-08E843A3BD9D}.Release|x86.ActiveCfg = Release|x86
		{EEC220D5-4072-401A-8B26-08E843A3BD9D}.Release|x86.Build.0 = Release|x86
		{CED14F5B-2D3C-4A6A-B830-D40644744DD9}.Debug|Any CPU.ActiveCfg = Debug|Any CPU
		{CED14F5B-2D3C-4A6A-B830-D40644744DD9}.Debug|Any CPU.Build.0 = Debug|Any CPU
		{CED14F5B-2D3C-4A6A-B830-D40644744DD9}.Debug|ARM.ActiveCfg = Debug|ARM
		{CED14F5B-2D3C-4A6A-B830-D40644744DD9}.Debug|ARM.Build.0 = Debug|ARM
		{CED14F5B-2D3C-4A6A-B830-D40644744DD9}.Debug|x64.ActiveCfg = Debug|x64
		{CED14F5B-2D3C-4A6A-B830-D40644744DD9}.Debug|x64.Build.0 = Debug|x64
		{CED14F5B-2D3C-4A6A-B830-D40644744DD9}.Debug|x86.ActiveCfg = Debug|x86
		{CED14F5B-2D3C-4A6A-B830-D40644744DD9}.Debug|x86.Build.0 = Debug|x86
		{CED14F5B-2D3C-4A6A-B830-D40644744DD9}.Release|Any CPU.ActiveCfg = Release|Any CPU
		{CED14F5B-2D3C-4A6A-B830-D40644744DD9}.Release|Any CPU.Build.0 = Release|Any CPU
		{CED14F5B-2D3C-4A6A-B830-D40644744DD9}.Release|ARM.ActiveCfg = Release|ARM
		{CED14F5B-2D3C-4A6A-B830-D40644744DD9}.Release|ARM.Build.0 = Release|ARM
		{CED14F5B-2D3C-4A6A-B830-D40644744DD9}.Release|x64.ActiveCfg = Release|x64
		{CED14F5B-2D3C-4A6A-B830-D40644744DD9}.Release|x64.Build.0 = Release|x64
		{CED14F5B-2D3C-4A6A-B830-D40644744DD9}.Release|x86.ActiveCfg = Release|x86
		{CED14F5B-2D3C-4A6A-B830-D40644744DD9}.Release|x86.Build.0 = Release|x86
		{DF4DD7AB-2687-48D3-9C7B-B1D7F117DBD1}.Debug|Any CPU.ActiveCfg = Debug|Any CPU
		{DF4DD7AB-2687-48D3-9C7B-B1D7F117DBD1}.Debug|Any CPU.Build.0 = Debug|Any CPU
		{DF4DD7AB-2687-48D3-9C7B-B1D7F117DBD1}.Debug|ARM.ActiveCfg = Debug|ARM
		{DF4DD7AB-2687-48D3-9C7B-B1D7F117DBD1}.Debug|ARM.Build.0 = Debug|ARM
		{DF4DD7AB-2687-48D3-9C7B-B1D7F117DBD1}.Debug|x64.ActiveCfg = Debug|Any CPU
		{DF4DD7AB-2687-48D3-9C7B-B1D7F117DBD1}.Debug|x64.Build.0 = Debug|Any CPU
		{DF4DD7AB-2687-48D3-9C7B-B1D7F117DBD1}.Debug|x86.ActiveCfg = Debug|Any CPU
		{DF4DD7AB-2687-48D3-9C7B-B1D7F117DBD1}.Debug|x86.Build.0 = Debug|Any CPU
		{DF4DD7AB-2687-48D3-9C7B-B1D7F117DBD1}.Release|Any CPU.ActiveCfg = Release|Any CPU
		{DF4DD7AB-2687-48D3-9C7B-B1D7F117DBD1}.Release|Any CPU.Build.0 = Release|Any CPU
		{DF4DD7AB-2687-48D3-9C7B-B1D7F117DBD1}.Release|ARM.ActiveCfg = Release|Any CPU
		{DF4DD7AB-2687-48D3-9C7B-B1D7F117DBD1}.Release|ARM.Build.0 = Release|Any CPU
		{DF4DD7AB-2687-48D3-9C7B-B1D7F117DBD1}.Release|x64.ActiveCfg = Release|Any CPU
		{DF4DD7AB-2687-48D3-9C7B-B1D7F117DBD1}.Release|x64.Build.0 = Release|Any CPU
		{DF4DD7AB-2687-48D3-9C7B-B1D7F117DBD1}.Release|x86.ActiveCfg = Release|Any CPU
		{DF4DD7AB-2687-48D3-9C7B-B1D7F117DBD1}.Release|x86.Build.0 = Release|Any CPU
		{A2E34AD1-3C2A-4FC3-88AE-91686E3A9BF9}.Debug|Any CPU.ActiveCfg = Debug|x86
		{A2E34AD1-3C2A-4FC3-88AE-91686E3A9BF9}.Debug|ARM.ActiveCfg = Debug|ARM
		{A2E34AD1-3C2A-4FC3-88AE-91686E3A9BF9}.Debug|ARM.Build.0 = Debug|ARM
		{A2E34AD1-3C2A-4FC3-88AE-91686E3A9BF9}.Debug|ARM.Deploy.0 = Debug|ARM
		{A2E34AD1-3C2A-4FC3-88AE-91686E3A9BF9}.Debug|x64.ActiveCfg = Debug|x64
		{A2E34AD1-3C2A-4FC3-88AE-91686E3A9BF9}.Debug|x64.Build.0 = Debug|x64
		{A2E34AD1-3C2A-4FC3-88AE-91686E3A9BF9}.Debug|x64.Deploy.0 = Debug|x64
		{A2E34AD1-3C2A-4FC3-88AE-91686E3A9BF9}.Debug|x86.ActiveCfg = Debug|x86
		{A2E34AD1-3C2A-4FC3-88AE-91686E3A9BF9}.Debug|x86.Build.0 = Debug|x86
		{A2E34AD1-3C2A-4FC3-88AE-91686E3A9BF9}.Debug|x86.Deploy.0 = Debug|x86
		{A2E34AD1-3C2A-4FC3-88AE-91686E3A9BF9}.Release|Any CPU.ActiveCfg = Release|x86
		{A2E34AD1-3C2A-4FC3-88AE-91686E3A9BF9}.Release|ARM.ActiveCfg = Release|ARM
		{A2E34AD1-3C2A-4FC3-88AE-91686E3A9BF9}.Release|ARM.Build.0 = Release|ARM
		{A2E34AD1-3C2A-4FC3-88AE-91686E3A9BF9}.Release|ARM.Deploy.0 = Release|ARM
		{A2E34AD1-3C2A-4FC3-88AE-91686E3A9BF9}.Release|x64.ActiveCfg = Release|x64
		{A2E34AD1-3C2A-4FC3-88AE-91686E3A9BF9}.Release|x64.Build.0 = Release|x64
		{A2E34AD1-3C2A-4FC3-88AE-91686E3A9BF9}.Release|x64.Deploy.0 = Release|x64
		{A2E34AD1-3C2A-4FC3-88AE-91686E3A9BF9}.Release|x86.ActiveCfg = Release|x86
		{A2E34AD1-3C2A-4FC3-88AE-91686E3A9BF9}.Release|x86.Build.0 = Release|x86
		{A2E34AD1-3C2A-4FC3-88AE-91686E3A9BF9}.Release|x86.Deploy.0 = Release|x86
		{39170BF8-9DEC-4F79-87BE-58C92DC06EE3}.Debug|Any CPU.ActiveCfg = Debug|Any CPU
		{39170BF8-9DEC-4F79-87BE-58C92DC06EE3}.Debug|Any CPU.Build.0 = Debug|Any CPU
		{39170BF8-9DEC-4F79-87BE-58C92DC06EE3}.Debug|ARM.ActiveCfg = Debug|ARM
		{39170BF8-9DEC-4F79-87BE-58C92DC06EE3}.Debug|ARM.Build.0 = Debug|ARM
		{39170BF8-9DEC-4F79-87BE-58C92DC06EE3}.Debug|x64.ActiveCfg = Debug|x64
		{39170BF8-9DEC-4F79-87BE-58C92DC06EE3}.Debug|x64.Build.0 = Debug|x64
		{39170BF8-9DEC-4F79-87BE-58C92DC06EE3}.Debug|x86.ActiveCfg = Debug|x86
		{39170BF8-9DEC-4F79-87BE-58C92DC06EE3}.Debug|x86.Build.0 = Debug|x86
		{39170BF8-9DEC-4F79-87BE-58C92DC06EE3}.Release|Any CPU.ActiveCfg = Release|Any CPU
		{39170BF8-9DEC-4F79-87BE-58C92DC06EE3}.Release|Any CPU.Build.0 = Release|Any CPU
		{39170BF8-9DEC-4F79-87BE-58C92DC06EE3}.Release|ARM.ActiveCfg = Release|ARM
		{39170BF8-9DEC-4F79-87BE-58C92DC06EE3}.Release|ARM.Build.0 = Release|ARM
		{39170BF8-9DEC-4F79-87BE-58C92DC06EE3}.Release|x64.ActiveCfg = Release|x64
		{39170BF8-9DEC-4F79-87BE-58C92DC06EE3}.Release|x64.Build.0 = Release|x64
		{39170BF8-9DEC-4F79-87BE-58C92DC06EE3}.Release|x86.ActiveCfg = Release|x86
		{39170BF8-9DEC-4F79-87BE-58C92DC06EE3}.Release|x86.Build.0 = Release|x86
		{79CA7B28-8AA2-4C54-85CE-E44C52E719A0}.Debug|Any CPU.ActiveCfg = Debug|Any CPU
		{79CA7B28-8AA2-4C54-85CE-E44C52E719A0}.Debug|Any CPU.Build.0 = Debug|Any CPU
		{79CA7B28-8AA2-4C54-85CE-E44C52E719A0}.Debug|ARM.ActiveCfg = Debug|Any CPU
		{79CA7B28-8AA2-4C54-85CE-E44C52E719A0}.Debug|ARM.Build.0 = Debug|Any CPU
		{79CA7B28-8AA2-4C54-85CE-E44C52E719A0}.Debug|x64.ActiveCfg = Debug|Any CPU
		{79CA7B28-8AA2-4C54-85CE-E44C52E719A0}.Debug|x64.Build.0 = Debug|Any CPU
		{79CA7B28-8AA2-4C54-85CE-E44C52E719A0}.Debug|x86.ActiveCfg = Debug|Any CPU
		{79CA7B28-8AA2-4C54-85CE-E44C52E719A0}.Debug|x86.Build.0 = Debug|Any CPU
		{79CA7B28-8AA2-4C54-85CE-E44C52E719A0}.Release|Any CPU.ActiveCfg = Release|Any CPU
		{79CA7B28-8AA2-4C54-85CE-E44C52E719A0}.Release|Any CPU.Build.0 = Release|Any CPU
		{79CA7B28-8AA2-4C54-85CE-E44C52E719A0}.Release|ARM.ActiveCfg = Release|Any CPU
		{79CA7B28-8AA2-4C54-85CE-E44C52E719A0}.Release|ARM.Build.0 = Release|Any CPU
		{79CA7B28-8AA2-4C54-85CE-E44C52E719A0}.Release|x64.ActiveCfg = Release|Any CPU
		{79CA7B28-8AA2-4C54-85CE-E44C52E719A0}.Release|x64.Build.0 = Release|Any CPU
		{79CA7B28-8AA2-4C54-85CE-E44C52E719A0}.Release|x86.ActiveCfg = Release|Any CPU
		{79CA7B28-8AA2-4C54-85CE-E44C52E719A0}.Release|x86.Build.0 = Release|Any CPU
		{AA2EA02E-F413-48AC-B384-AC59906BF91F}.Debug|Any CPU.ActiveCfg = Debug|Any CPU
		{AA2EA02E-F413-48AC-B384-AC59906BF91F}.Debug|Any CPU.Build.0 = Debug|Any CPU
		{AA2EA02E-F413-48AC-B384-AC59906BF91F}.Debug|ARM.ActiveCfg = Debug|Any CPU
		{AA2EA02E-F413-48AC-B384-AC59906BF91F}.Debug|ARM.Build.0 = Debug|Any CPU
		{AA2EA02E-F413-48AC-B384-AC59906BF91F}.Debug|x64.ActiveCfg = Debug|Any CPU
		{AA2EA02E-F413-48AC-B384-AC59906BF91F}.Debug|x64.Build.0 = Debug|Any CPU
		{AA2EA02E-F413-48AC-B384-AC59906BF91F}.Debug|x86.ActiveCfg = Debug|Any CPU
		{AA2EA02E-F413-48AC-B384-AC59906BF91F}.Debug|x86.Build.0 = Debug|Any CPU
		{AA2EA02E-F413-48AC-B384-AC59906BF91F}.Release|Any CPU.ActiveCfg = Release|Any CPU
		{AA2EA02E-F413-48AC-B384-AC59906BF91F}.Release|Any CPU.Build.0 = Release|Any CPU
		{AA2EA02E-F413-48AC-B384-AC59906BF91F}.Release|ARM.ActiveCfg = Release|Any CPU
		{AA2EA02E-F413-48AC-B384-AC59906BF91F}.Release|ARM.Build.0 = Release|Any CPU
		{AA2EA02E-F413-48AC-B384-AC59906BF91F}.Release|x64.ActiveCfg = Release|Any CPU
		{AA2EA02E-F413-48AC-B384-AC59906BF91F}.Release|x64.Build.0 = Release|Any CPU
		{AA2EA02E-F413-48AC-B384-AC59906BF91F}.Release|x86.ActiveCfg = Release|Any CPU
		{AA2EA02E-F413-48AC-B384-AC59906BF91F}.Release|x86.Build.0 = Release|Any CPU
		{B6900D0C-E801-40E6-AD35-7FEF0F7B57C4}.Debug|Any CPU.ActiveCfg = Debug|Any CPU
		{B6900D0C-E801-40E6-AD35-7FEF0F7B57C4}.Debug|Any CPU.Build.0 = Debug|Any CPU
		{B6900D0C-E801-40E6-AD35-7FEF0F7B57C4}.Debug|ARM.ActiveCfg = Debug|Any CPU
		{B6900D0C-E801-40E6-AD35-7FEF0F7B57C4}.Debug|ARM.Build.0 = Debug|Any CPU
		{B6900D0C-E801-40E6-AD35-7FEF0F7B57C4}.Debug|x64.ActiveCfg = Debug|Any CPU
		{B6900D0C-E801-40E6-AD35-7FEF0F7B57C4}.Debug|x64.Build.0 = Debug|Any CPU
		{B6900D0C-E801-40E6-AD35-7FEF0F7B57C4}.Debug|x86.ActiveCfg = Debug|Any CPU
		{B6900D0C-E801-40E6-AD35-7FEF0F7B57C4}.Debug|x86.Build.0 = Debug|Any CPU
		{B6900D0C-E801-40E6-AD35-7FEF0F7B57C4}.Release|Any CPU.ActiveCfg = Release|Any CPU
		{B6900D0C-E801-40E6-AD35-7FEF0F7B57C4}.Release|Any CPU.Build.0 = Release|Any CPU
		{B6900D0C-E801-40E6-AD35-7FEF0F7B57C4}.Release|ARM.ActiveCfg = Release|Any CPU
		{B6900D0C-E801-40E6-AD35-7FEF0F7B57C4}.Release|ARM.Build.0 = Release|Any CPU
		{B6900D0C-E801-40E6-AD35-7FEF0F7B57C4}.Release|x64.ActiveCfg = Release|Any CPU
		{B6900D0C-E801-40E6-AD35-7FEF0F7B57C4}.Release|x64.Build.0 = Release|Any CPU
		{B6900D0C-E801-40E6-AD35-7FEF0F7B57C4}.Release|x86.ActiveCfg = Release|Any CPU
		{B6900D0C-E801-40E6-AD35-7FEF0F7B57C4}.Release|x86.Build.0 = Release|Any CPU
		{52BCBC06-9A5B-4605-ABCA-F3CD600FA30A}.Debug|Any CPU.ActiveCfg = Debug|Any CPU
		{52BCBC06-9A5B-4605-ABCA-F3CD600FA30A}.Debug|Any CPU.Build.0 = Debug|Any CPU
		{52BCBC06-9A5B-4605-ABCA-F3CD600FA30A}.Debug|ARM.ActiveCfg = Debug|Any CPU
		{52BCBC06-9A5B-4605-ABCA-F3CD600FA30A}.Debug|ARM.Build.0 = Debug|Any CPU
		{52BCBC06-9A5B-4605-ABCA-F3CD600FA30A}.Debug|x64.ActiveCfg = Debug|Any CPU
		{52BCBC06-9A5B-4605-ABCA-F3CD600FA30A}.Debug|x64.Build.0 = Debug|Any CPU
		{52BCBC06-9A5B-4605-ABCA-F3CD600FA30A}.Debug|x86.ActiveCfg = Debug|Any CPU
		{52BCBC06-9A5B-4605-ABCA-F3CD600FA30A}.Debug|x86.Build.0 = Debug|Any CPU
		{52BCBC06-9A5B-4605-ABCA-F3CD600FA30A}.Release|Any CPU.ActiveCfg = Release|Any CPU
		{52BCBC06-9A5B-4605-ABCA-F3CD600FA30A}.Release|Any CPU.Build.0 = Release|Any CPU
		{52BCBC06-9A5B-4605-ABCA-F3CD600FA30A}.Release|ARM.ActiveCfg = Release|Any CPU
		{52BCBC06-9A5B-4605-ABCA-F3CD600FA30A}.Release|ARM.Build.0 = Release|Any CPU
		{52BCBC06-9A5B-4605-ABCA-F3CD600FA30A}.Release|x64.ActiveCfg = Release|Any CPU
		{52BCBC06-9A5B-4605-ABCA-F3CD600FA30A}.Release|x64.Build.0 = Release|Any CPU
		{52BCBC06-9A5B-4605-ABCA-F3CD600FA30A}.Release|x86.ActiveCfg = Release|Any CPU
		{52BCBC06-9A5B-4605-ABCA-F3CD600FA30A}.Release|x86.Build.0 = Release|Any CPU
		{728DA484-91F3-4395-8143-91258D30296F}.Debug|Any CPU.ActiveCfg = Debug|Any CPU
		{728DA484-91F3-4395-8143-91258D30296F}.Debug|Any CPU.Build.0 = Debug|Any CPU
		{728DA484-91F3-4395-8143-91258D30296F}.Debug|ARM.ActiveCfg = Debug|Any CPU
		{728DA484-91F3-4395-8143-91258D30296F}.Debug|ARM.Build.0 = Debug|Any CPU
		{728DA484-91F3-4395-8143-91258D30296F}.Debug|x64.ActiveCfg = Debug|Any CPU
		{728DA484-91F3-4395-8143-91258D30296F}.Debug|x64.Build.0 = Debug|Any CPU
		{728DA484-91F3-4395-8143-91258D30296F}.Debug|x86.ActiveCfg = Debug|Any CPU
		{728DA484-91F3-4395-8143-91258D30296F}.Debug|x86.Build.0 = Debug|Any CPU
		{728DA484-91F3-4395-8143-91258D30296F}.Release|Any CPU.ActiveCfg = Release|Any CPU
		{728DA484-91F3-4395-8143-91258D30296F}.Release|Any CPU.Build.0 = Release|Any CPU
		{728DA484-91F3-4395-8143-91258D30296F}.Release|ARM.ActiveCfg = Release|Any CPU
		{728DA484-91F3-4395-8143-91258D30296F}.Release|ARM.Build.0 = Release|Any CPU
		{728DA484-91F3-4395-8143-91258D30296F}.Release|x64.ActiveCfg = Release|Any CPU
		{728DA484-91F3-4395-8143-91258D30296F}.Release|x64.Build.0 = Release|Any CPU
		{728DA484-91F3-4395-8143-91258D30296F}.Release|x86.ActiveCfg = Release|Any CPU
		{728DA484-91F3-4395-8143-91258D30296F}.Release|x86.Build.0 = Release|Any CPU
		{E1A3E111-A8F0-4EF9-8C65-13DD3CE5855B}.Debug|Any CPU.ActiveCfg = Debug|Any CPU
		{E1A3E111-A8F0-4EF9-8C65-13DD3CE5855B}.Debug|Any CPU.Build.0 = Debug|Any CPU
		{E1A3E111-A8F0-4EF9-8C65-13DD3CE5855B}.Debug|ARM.ActiveCfg = Debug|Any CPU
		{E1A3E111-A8F0-4EF9-8C65-13DD3CE5855B}.Debug|ARM.Build.0 = Debug|Any CPU
		{E1A3E111-A8F0-4EF9-8C65-13DD3CE5855B}.Debug|x64.ActiveCfg = Debug|Any CPU
		{E1A3E111-A8F0-4EF9-8C65-13DD3CE5855B}.Debug|x64.Build.0 = Debug|Any CPU
		{E1A3E111-A8F0-4EF9-8C65-13DD3CE5855B}.Debug|x86.ActiveCfg = Debug|Any CPU
		{E1A3E111-A8F0-4EF9-8C65-13DD3CE5855B}.Debug|x86.Build.0 = Debug|Any CPU
		{E1A3E111-A8F0-4EF9-8C65-13DD3CE5855B}.Release|Any CPU.ActiveCfg = Release|Any CPU
		{E1A3E111-A8F0-4EF9-8C65-13DD3CE5855B}.Release|Any CPU.Build.0 = Release|Any CPU
		{E1A3E111-A8F0-4EF9-8C65-13DD3CE5855B}.Release|ARM.ActiveCfg = Release|Any CPU
		{E1A3E111-A8F0-4EF9-8C65-13DD3CE5855B}.Release|ARM.Build.0 = Release|Any CPU
		{E1A3E111-A8F0-4EF9-8C65-13DD3CE5855B}.Release|x64.ActiveCfg = Release|Any CPU
		{E1A3E111-A8F0-4EF9-8C65-13DD3CE5855B}.Release|x64.Build.0 = Release|Any CPU
		{E1A3E111-A8F0-4EF9-8C65-13DD3CE5855B}.Release|x86.ActiveCfg = Release|Any CPU
		{E1A3E111-A8F0-4EF9-8C65-13DD3CE5855B}.Release|x86.Build.0 = Release|Any CPU
		{53B47D44-88A3-416B-9DAA-2AEC6EEDB3DD}.Debug|Any CPU.ActiveCfg = Debug|Any CPU
		{53B47D44-88A3-416B-9DAA-2AEC6EEDB3DD}.Debug|Any CPU.Build.0 = Debug|Any CPU
		{53B47D44-88A3-416B-9DAA-2AEC6EEDB3DD}.Debug|ARM.ActiveCfg = Debug|ARM
		{53B47D44-88A3-416B-9DAA-2AEC6EEDB3DD}.Debug|ARM.Build.0 = Debug|ARM
		{53B47D44-88A3-416B-9DAA-2AEC6EEDB3DD}.Debug|x64.ActiveCfg = Debug|Any CPU
		{53B47D44-88A3-416B-9DAA-2AEC6EEDB3DD}.Debug|x64.Build.0 = Debug|Any CPU
		{53B47D44-88A3-416B-9DAA-2AEC6EEDB3DD}.Debug|x86.ActiveCfg = Debug|Any CPU
		{53B47D44-88A3-416B-9DAA-2AEC6EEDB3DD}.Debug|x86.Build.0 = Debug|Any CPU
		{53B47D44-88A3-416B-9DAA-2AEC6EEDB3DD}.Release|Any CPU.ActiveCfg = Release|Any CPU
		{53B47D44-88A3-416B-9DAA-2AEC6EEDB3DD}.Release|Any CPU.Build.0 = Release|Any CPU
		{53B47D44-88A3-416B-9DAA-2AEC6EEDB3DD}.Release|ARM.ActiveCfg = Release|Any CPU
		{53B47D44-88A3-416B-9DAA-2AEC6EEDB3DD}.Release|ARM.Build.0 = Release|Any CPU
		{53B47D44-88A3-416B-9DAA-2AEC6EEDB3DD}.Release|x64.ActiveCfg = Release|Any CPU
		{53B47D44-88A3-416B-9DAA-2AEC6EEDB3DD}.Release|x64.Build.0 = Release|Any CPU
		{53B47D44-88A3-416B-9DAA-2AEC6EEDB3DD}.Release|x86.ActiveCfg = Release|Any CPU
		{53B47D44-88A3-416B-9DAA-2AEC6EEDB3DD}.Release|x86.Build.0 = Release|Any CPU
		{50A081CB-E5DD-4528-A9EE-5885BD8F35A3}.Debug|Any CPU.ActiveCfg = Debug|Any CPU
		{50A081CB-E5DD-4528-A9EE-5885BD8F35A3}.Debug|Any CPU.Build.0 = Debug|Any CPU
		{50A081CB-E5DD-4528-A9EE-5885BD8F35A3}.Debug|ARM.ActiveCfg = Debug|ARM
		{50A081CB-E5DD-4528-A9EE-5885BD8F35A3}.Debug|ARM.Build.0 = Debug|ARM
		{50A081CB-E5DD-4528-A9EE-5885BD8F35A3}.Debug|x64.ActiveCfg = Debug|Any CPU
		{50A081CB-E5DD-4528-A9EE-5885BD8F35A3}.Debug|x64.Build.0 = Debug|Any CPU
		{50A081CB-E5DD-4528-A9EE-5885BD8F35A3}.Debug|x86.ActiveCfg = Debug|Any CPU
		{50A081CB-E5DD-4528-A9EE-5885BD8F35A3}.Debug|x86.Build.0 = Debug|Any CPU
		{50A081CB-E5DD-4528-A9EE-5885BD8F35A3}.Release|Any CPU.ActiveCfg = Release|Any CPU
		{50A081CB-E5DD-4528-A9EE-5885BD8F35A3}.Release|Any CPU.Build.0 = Release|Any CPU
		{50A081CB-E5DD-4528-A9EE-5885BD8F35A3}.Release|ARM.ActiveCfg = Release|Any CPU
		{50A081CB-E5DD-4528-A9EE-5885BD8F35A3}.Release|ARM.Build.0 = Release|Any CPU
		{50A081CB-E5DD-4528-A9EE-5885BD8F35A3}.Release|x64.ActiveCfg = Release|Any CPU
		{50A081CB-E5DD-4528-A9EE-5885BD8F35A3}.Release|x64.Build.0 = Release|Any CPU
		{50A081CB-E5DD-4528-A9EE-5885BD8F35A3}.Release|x86.ActiveCfg = Release|Any CPU
		{50A081CB-E5DD-4528-A9EE-5885BD8F35A3}.Release|x86.Build.0 = Release|Any CPU
		{CA20682B-FEC9-46E1-8293-6896E8FC16A3}.Debug|Any CPU.ActiveCfg = Debug|Any CPU
		{CA20682B-FEC9-46E1-8293-6896E8FC16A3}.Debug|Any CPU.Build.0 = Debug|Any CPU
		{CA20682B-FEC9-46E1-8293-6896E8FC16A3}.Debug|ARM.ActiveCfg = Debug|ARM
		{CA20682B-FEC9-46E1-8293-6896E8FC16A3}.Debug|ARM.Build.0 = Debug|ARM
		{CA20682B-FEC9-46E1-8293-6896E8FC16A3}.Debug|x64.ActiveCfg = Debug|x64
		{CA20682B-FEC9-46E1-8293-6896E8FC16A3}.Debug|x64.Build.0 = Debug|x64
		{CA20682B-FEC9-46E1-8293-6896E8FC16A3}.Debug|x86.ActiveCfg = Debug|x86
		{CA20682B-FEC9-46E1-8293-6896E8FC16A3}.Debug|x86.Build.0 = Debug|x86
		{CA20682B-FEC9-46E1-8293-6896E8FC16A3}.Release|Any CPU.ActiveCfg = Release|Any CPU
		{CA20682B-FEC9-46E1-8293-6896E8FC16A3}.Release|Any CPU.Build.0 = Release|Any CPU
		{CA20682B-FEC9-46E1-8293-6896E8FC16A3}.Release|ARM.ActiveCfg = Release|ARM
		{CA20682B-FEC9-46E1-8293-6896E8FC16A3}.Release|ARM.Build.0 = Release|ARM
		{CA20682B-FEC9-46E1-8293-6896E8FC16A3}.Release|x64.ActiveCfg = Release|x64
		{CA20682B-FEC9-46E1-8293-6896E8FC16A3}.Release|x64.Build.0 = Release|x64
		{CA20682B-FEC9-46E1-8293-6896E8FC16A3}.Release|x86.ActiveCfg = Release|x86
		{CA20682B-FEC9-46E1-8293-6896E8FC16A3}.Release|x86.Build.0 = Release|x86
		{F828DE3A-FD32-4C19-A6EE-9D0DD740F003}.Debug|Any CPU.ActiveCfg = Debug|Any CPU
		{F828DE3A-FD32-4C19-A6EE-9D0DD740F003}.Debug|Any CPU.Build.0 = Debug|Any CPU
		{F828DE3A-FD32-4C19-A6EE-9D0DD740F003}.Debug|ARM.ActiveCfg = Debug|ARM
		{F828DE3A-FD32-4C19-A6EE-9D0DD740F003}.Debug|ARM.Build.0 = Debug|ARM
		{F828DE3A-FD32-4C19-A6EE-9D0DD740F003}.Debug|x64.ActiveCfg = Debug|x64
		{F828DE3A-FD32-4C19-A6EE-9D0DD740F003}.Debug|x64.Build.0 = Debug|x64
		{F828DE3A-FD32-4C19-A6EE-9D0DD740F003}.Debug|x86.ActiveCfg = Debug|x86
		{F828DE3A-FD32-4C19-A6EE-9D0DD740F003}.Debug|x86.Build.0 = Debug|x86
		{F828DE3A-FD32-4C19-A6EE-9D0DD740F003}.Release|Any CPU.ActiveCfg = Release|Any CPU
		{F828DE3A-FD32-4C19-A6EE-9D0DD740F003}.Release|Any CPU.Build.0 = Release|Any CPU
		{F828DE3A-FD32-4C19-A6EE-9D0DD740F003}.Release|ARM.ActiveCfg = Release|ARM
		{F828DE3A-FD32-4C19-A6EE-9D0DD740F003}.Release|ARM.Build.0 = Release|ARM
		{F828DE3A-FD32-4C19-A6EE-9D0DD740F003}.Release|x64.ActiveCfg = Release|x64
		{F828DE3A-FD32-4C19-A6EE-9D0DD740F003}.Release|x64.Build.0 = Release|x64
		{F828DE3A-FD32-4C19-A6EE-9D0DD740F003}.Release|x86.ActiveCfg = Release|x86
		{F828DE3A-FD32-4C19-A6EE-9D0DD740F003}.Release|x86.Build.0 = Release|x86
		{325B2127-BEE1-44F5-B040-4FFDA7A32D7B}.Debug|Any CPU.ActiveCfg = Debug|Any CPU
		{325B2127-BEE1-44F5-B040-4FFDA7A32D7B}.Debug|Any CPU.Build.0 = Debug|Any CPU
		{325B2127-BEE1-44F5-B040-4FFDA7A32D7B}.Debug|ARM.ActiveCfg = Debug|Any CPU
		{325B2127-BEE1-44F5-B040-4FFDA7A32D7B}.Debug|ARM.Build.0 = Debug|Any CPU
		{325B2127-BEE1-44F5-B040-4FFDA7A32D7B}.Debug|x64.ActiveCfg = Debug|Any CPU
		{325B2127-BEE1-44F5-B040-4FFDA7A32D7B}.Debug|x64.Build.0 = Debug|Any CPU
		{325B2127-BEE1-44F5-B040-4FFDA7A32D7B}.Debug|x86.ActiveCfg = Debug|x86
		{325B2127-BEE1-44F5-B040-4FFDA7A32D7B}.Debug|x86.Build.0 = Debug|x86
		{325B2127-BEE1-44F5-B040-4FFDA7A32D7B}.Release|Any CPU.ActiveCfg = Release|Any CPU
		{325B2127-BEE1-44F5-B040-4FFDA7A32D7B}.Release|Any CPU.Build.0 = Release|Any CPU
		{325B2127-BEE1-44F5-B040-4FFDA7A32D7B}.Release|ARM.ActiveCfg = Release|Any CPU
		{325B2127-BEE1-44F5-B040-4FFDA7A32D7B}.Release|ARM.Build.0 = Release|Any CPU
		{325B2127-BEE1-44F5-B040-4FFDA7A32D7B}.Release|x64.ActiveCfg = Release|Any CPU
		{325B2127-BEE1-44F5-B040-4FFDA7A32D7B}.Release|x64.Build.0 = Release|Any CPU
		{325B2127-BEE1-44F5-B040-4FFDA7A32D7B}.Release|x86.ActiveCfg = Release|Any CPU
		{325B2127-BEE1-44F5-B040-4FFDA7A32D7B}.Release|x86.Build.0 = Release|Any CPU
		{643A914E-EFA5-45A9-A632-B0546A2D5E71}.Debug|Any CPU.ActiveCfg = Debug|Any CPU
		{643A914E-EFA5-45A9-A632-B0546A2D5E71}.Debug|Any CPU.Build.0 = Debug|Any CPU
		{643A914E-EFA5-45A9-A632-B0546A2D5E71}.Debug|ARM.ActiveCfg = Debug|Any CPU
		{643A914E-EFA5-45A9-A632-B0546A2D5E71}.Debug|ARM.Build.0 = Debug|Any CPU
		{643A914E-EFA5-45A9-A632-B0546A2D5E71}.Debug|x64.ActiveCfg = Debug|x64
		{643A914E-EFA5-45A9-A632-B0546A2D5E71}.Debug|x64.Build.0 = Debug|x64
		{643A914E-EFA5-45A9-A632-B0546A2D5E71}.Debug|x86.ActiveCfg = Debug|x86
		{643A914E-EFA5-45A9-A632-B0546A2D5E71}.Debug|x86.Build.0 = Debug|x86
		{643A914E-EFA5-45A9-A632-B0546A2D5E71}.Release|Any CPU.ActiveCfg = Release|Any CPU
		{643A914E-EFA5-45A9-A632-B0546A2D5E71}.Release|Any CPU.Build.0 = Release|Any CPU
		{643A914E-EFA5-45A9-A632-B0546A2D5E71}.Release|ARM.ActiveCfg = Release|Any CPU
		{643A914E-EFA5-45A9-A632-B0546A2D5E71}.Release|ARM.Build.0 = Release|Any CPU
		{643A914E-EFA5-45A9-A632-B0546A2D5E71}.Release|x64.ActiveCfg = Release|x64
		{643A914E-EFA5-45A9-A632-B0546A2D5E71}.Release|x64.Build.0 = Release|x64
		{643A914E-EFA5-45A9-A632-B0546A2D5E71}.Release|x86.ActiveCfg = Release|x86
		{643A914E-EFA5-45A9-A632-B0546A2D5E71}.Release|x86.Build.0 = Release|x86
		{19CF8DCF-9A87-4E2C-BE7F-882C08C36D91}.Debug|Any CPU.ActiveCfg = Debug|Any CPU
		{19CF8DCF-9A87-4E2C-BE7F-882C08C36D91}.Debug|Any CPU.Build.0 = Debug|Any CPU
		{19CF8DCF-9A87-4E2C-BE7F-882C08C36D91}.Debug|Any CPU.Deploy.0 = Debug|Any CPU
		{19CF8DCF-9A87-4E2C-BE7F-882C08C36D91}.Debug|ARM.ActiveCfg = Debug|Any CPU
		{19CF8DCF-9A87-4E2C-BE7F-882C08C36D91}.Debug|ARM.Build.0 = Debug|Any CPU
		{19CF8DCF-9A87-4E2C-BE7F-882C08C36D91}.Debug|ARM.Deploy.0 = Debug|Any CPU
		{19CF8DCF-9A87-4E2C-BE7F-882C08C36D91}.Debug|x64.ActiveCfg = Debug|Any CPU
		{19CF8DCF-9A87-4E2C-BE7F-882C08C36D91}.Debug|x64.Build.0 = Debug|Any CPU
		{19CF8DCF-9A87-4E2C-BE7F-882C08C36D91}.Debug|x64.Deploy.0 = Debug|Any CPU
		{19CF8DCF-9A87-4E2C-BE7F-882C08C36D91}.Debug|x86.ActiveCfg = Debug|Any CPU
		{19CF8DCF-9A87-4E2C-BE7F-882C08C36D91}.Debug|x86.Build.0 = Debug|Any CPU
		{19CF8DCF-9A87-4E2C-BE7F-882C08C36D91}.Debug|x86.Deploy.0 = Debug|Any CPU
		{19CF8DCF-9A87-4E2C-BE7F-882C08C36D91}.Release|Any CPU.ActiveCfg = Release|Any CPU
		{19CF8DCF-9A87-4E2C-BE7F-882C08C36D91}.Release|Any CPU.Build.0 = Release|Any CPU
		{19CF8DCF-9A87-4E2C-BE7F-882C08C36D91}.Release|Any CPU.Deploy.0 = Release|Any CPU
		{19CF8DCF-9A87-4E2C-BE7F-882C08C36D91}.Release|ARM.ActiveCfg = Release|Any CPU
		{19CF8DCF-9A87-4E2C-BE7F-882C08C36D91}.Release|ARM.Build.0 = Release|Any CPU
		{19CF8DCF-9A87-4E2C-BE7F-882C08C36D91}.Release|ARM.Deploy.0 = Release|Any CPU
		{19CF8DCF-9A87-4E2C-BE7F-882C08C36D91}.Release|x64.ActiveCfg = Release|Any CPU
		{19CF8DCF-9A87-4E2C-BE7F-882C08C36D91}.Release|x64.Build.0 = Release|Any CPU
		{19CF8DCF-9A87-4E2C-BE7F-882C08C36D91}.Release|x64.Deploy.0 = Release|Any CPU
		{19CF8DCF-9A87-4E2C-BE7F-882C08C36D91}.Release|x86.ActiveCfg = Release|Any CPU
		{19CF8DCF-9A87-4E2C-BE7F-882C08C36D91}.Release|x86.Build.0 = Release|Any CPU
		{19CF8DCF-9A87-4E2C-BE7F-882C08C36D91}.Release|x86.Deploy.0 = Release|Any CPU
		{4A098B1A-F3AD-4896-9536-1E8429503514}.Debug|Any CPU.ActiveCfg = Debug|Any CPU
		{4A098B1A-F3AD-4896-9536-1E8429503514}.Debug|Any CPU.Build.0 = Debug|Any CPU
		{4A098B1A-F3AD-4896-9536-1E8429503514}.Debug|Any CPU.Deploy.0 = Debug|Any CPU
		{4A098B1A-F3AD-4896-9536-1E8429503514}.Debug|ARM.ActiveCfg = Debug|ARM
		{4A098B1A-F3AD-4896-9536-1E8429503514}.Debug|ARM.Build.0 = Debug|ARM
		{4A098B1A-F3AD-4896-9536-1E8429503514}.Debug|ARM.Deploy.0 = Debug|ARM
		{4A098B1A-F3AD-4896-9536-1E8429503514}.Debug|x64.ActiveCfg = Debug|Any CPU
		{4A098B1A-F3AD-4896-9536-1E8429503514}.Debug|x64.Build.0 = Debug|Any CPU
		{4A098B1A-F3AD-4896-9536-1E8429503514}.Debug|x64.Deploy.0 = Debug|Any CPU
		{4A098B1A-F3AD-4896-9536-1E8429503514}.Debug|x86.ActiveCfg = Debug|x86
		{4A098B1A-F3AD-4896-9536-1E8429503514}.Debug|x86.Build.0 = Debug|x86
		{4A098B1A-F3AD-4896-9536-1E8429503514}.Debug|x86.Deploy.0 = Debug|x86
		{4A098B1A-F3AD-4896-9536-1E8429503514}.Release|Any CPU.ActiveCfg = Release|Any CPU
		{4A098B1A-F3AD-4896-9536-1E8429503514}.Release|Any CPU.Build.0 = Release|Any CPU
		{4A098B1A-F3AD-4896-9536-1E8429503514}.Release|Any CPU.Deploy.0 = Release|Any CPU
		{4A098B1A-F3AD-4896-9536-1E8429503514}.Release|ARM.ActiveCfg = Release|ARM
		{4A098B1A-F3AD-4896-9536-1E8429503514}.Release|ARM.Build.0 = Release|ARM
		{4A098B1A-F3AD-4896-9536-1E8429503514}.Release|ARM.Deploy.0 = Release|ARM
		{4A098B1A-F3AD-4896-9536-1E8429503514}.Release|x64.ActiveCfg = Release|Any CPU
		{4A098B1A-F3AD-4896-9536-1E8429503514}.Release|x64.Build.0 = Release|Any CPU
		{4A098B1A-F3AD-4896-9536-1E8429503514}.Release|x64.Deploy.0 = Release|Any CPU
		{4A098B1A-F3AD-4896-9536-1E8429503514}.Release|x86.ActiveCfg = Release|x86
		{4A098B1A-F3AD-4896-9536-1E8429503514}.Release|x86.Build.0 = Release|x86
		{4A098B1A-F3AD-4896-9536-1E8429503514}.Release|x86.Deploy.0 = Release|x86
		{CC256F42-F59A-4607-8734-D07064C6E36E}.Debug|Any CPU.ActiveCfg = Debug|x86
		{CC256F42-F59A-4607-8734-D07064C6E36E}.Debug|ARM.ActiveCfg = Debug|ARM
		{CC256F42-F59A-4607-8734-D07064C6E36E}.Debug|ARM.Build.0 = Debug|ARM
		{CC256F42-F59A-4607-8734-D07064C6E36E}.Debug|ARM.Deploy.0 = Debug|ARM
		{CC256F42-F59A-4607-8734-D07064C6E36E}.Debug|x64.ActiveCfg = Debug|x64
		{CC256F42-F59A-4607-8734-D07064C6E36E}.Debug|x64.Build.0 = Debug|x64
		{CC256F42-F59A-4607-8734-D07064C6E36E}.Debug|x64.Deploy.0 = Debug|x64
		{CC256F42-F59A-4607-8734-D07064C6E36E}.Debug|x86.ActiveCfg = Debug|x86
		{CC256F42-F59A-4607-8734-D07064C6E36E}.Debug|x86.Build.0 = Debug|x86
		{CC256F42-F59A-4607-8734-D07064C6E36E}.Debug|x86.Deploy.0 = Debug|x86
		{CC256F42-F59A-4607-8734-D07064C6E36E}.Release|Any CPU.ActiveCfg = Release|x86
		{CC256F42-F59A-4607-8734-D07064C6E36E}.Release|ARM.ActiveCfg = Release|ARM
		{CC256F42-F59A-4607-8734-D07064C6E36E}.Release|ARM.Build.0 = Release|ARM
		{CC256F42-F59A-4607-8734-D07064C6E36E}.Release|ARM.Deploy.0 = Release|ARM
		{CC256F42-F59A-4607-8734-D07064C6E36E}.Release|x64.ActiveCfg = Release|x64
		{CC256F42-F59A-4607-8734-D07064C6E36E}.Release|x64.Build.0 = Release|x64
		{CC256F42-F59A-4607-8734-D07064C6E36E}.Release|x64.Deploy.0 = Release|x64
		{CC256F42-F59A-4607-8734-D07064C6E36E}.Release|x86.ActiveCfg = Release|x86
		{CC256F42-F59A-4607-8734-D07064C6E36E}.Release|x86.Build.0 = Release|x86
		{CC256F42-F59A-4607-8734-D07064C6E36E}.Release|x86.Deploy.0 = Release|x86
	EndGlobalSection
	GlobalSection(SolutionProperties) = preSolution
		HideSolutionNode = FALSE
	EndGlobalSection
	GlobalSection(NestedProjects) = preSolution
		{A30BD00A-8BD6-4BD7-8C88-74992C489C25} = {944BFB54-BD45-47F3-BDDA-ED24012572C4}
		{8D7A38E5-C530-4650-B3AD-CB020B624360} = {944BFB54-BD45-47F3-BDDA-ED24012572C4}
		{46E2996D-9B81-4FCB-8E9A-148A3A6CED63} = {944BFB54-BD45-47F3-BDDA-ED24012572C4}
		{80604C90-FB0E-4432-89CC-939A1702A91E} = {A2030ACF-8A1B-492E-9E61-63D0EB08CFCA}
		{E1BCB30B-991C-4368-89FB-71C407D1010F} = {A2030ACF-8A1B-492E-9E61-63D0EB08CFCA}
		{ACBC1542-DF92-44AE-845C-2FFD089FC2D6} = {944BFB54-BD45-47F3-BDDA-ED24012572C4}
		{F248D6F2-74C5-41E4-B9C1-5543B06D2022} = {A2030ACF-8A1B-492E-9E61-63D0EB08CFCA}
		{EEC220D5-4072-401A-8B26-08E843A3BD9D} = {A2030ACF-8A1B-492E-9E61-63D0EB08CFCA}
		{CED14F5B-2D3C-4A6A-B830-D40644744DD9} = {A2030ACF-8A1B-492E-9E61-63D0EB08CFCA}
		{270632FF-66C7-4866-990A-E84BCA50F034} = {3EA92E00-3ADB-47F7-AE1C-41FBEE18C27C}
		{0B4AEA71-94F8-442F-845C-2123AFB17ECA} = {270632FF-66C7-4866-990A-E84BCA50F034}
		{5DC9BF36-62CB-4FCD-8625-9213E95957FC} = {270632FF-66C7-4866-990A-E84BCA50F034}
		{B8015336-538C-46FB-B329-11DD43F7DE52} = {270632FF-66C7-4866-990A-E84BCA50F034}
		{30228B5E-F3BA-432B-AE6F-9AF48A9311BE} = {3EA92E00-3ADB-47F7-AE1C-41FBEE18C27C}
		{28A21CBA-48DF-4BEE-A6CF-844C62DF0312} = {30228B5E-F3BA-432B-AE6F-9AF48A9311BE}
		{72BB25CA-D79C-4EBA-898D-0B51767A76E2} = {30228B5E-F3BA-432B-AE6F-9AF48A9311BE}
		{3EA92E00-3ADB-47F7-AE1C-41FBEE18C27C} = {FE4B3D82-0526-4E1E-A38F-D88B672892F7}
		{716F2BA2-2B65-4B6F-A3EA-C9270A09D274} = {FE4B3D82-0526-4E1E-A38F-D88B672892F7}
		{E6651F39-EB51-4A48-8242-8D637299D129} = {716F2BA2-2B65-4B6F-A3EA-C9270A09D274}
		{922908AC-8673-4A11-8939-B19A0CAE0CF7} = {716F2BA2-2B65-4B6F-A3EA-C9270A09D274}
		{87FD525D-B6EF-44BC-A4E4-ABA1CB59DB11} = {716F2BA2-2B65-4B6F-A3EA-C9270A09D274}
		{51427A09-B118-42C2-9876-BD455D4322E9} = {FE4B3D82-0526-4E1E-A38F-D88B672892F7}
		{DF4DD7AB-2687-48D3-9C7B-B1D7F117DBD1} = {B8015336-538C-46FB-B329-11DD43F7DE52}
		{A2E34AD1-3C2A-4FC3-88AE-91686E3A9BF9} = {72BB25CA-D79C-4EBA-898D-0B51767A76E2}
		{39170BF8-9DEC-4F79-87BE-58C92DC06EE3} = {A2030ACF-8A1B-492E-9E61-63D0EB08CFCA}
		{79CA7B28-8AA2-4C54-85CE-E44C52E719A0} = {74F37D22-44D6-419A-A7C5-928F72891012}
		{AB1598CB-3AE1-4770-B439-3B2DAEA171ED} = {74F37D22-44D6-419A-A7C5-928F72891012}
		{AA2EA02E-F413-48AC-B384-AC59906BF91F} = {74F37D22-44D6-419A-A7C5-928F72891012}
		{B6900D0C-E801-40E6-AD35-7FEF0F7B57C4} = {74F37D22-44D6-419A-A7C5-928F72891012}
		{5C9BDD09-AC6B-4143-A763-F4FC9F890289} = {74F37D22-44D6-419A-A7C5-928F72891012}
		{52BCBC06-9A5B-4605-ABCA-F3CD600FA30A} = {5C9BDD09-AC6B-4143-A763-F4FC9F890289}
		{25FF50DA-E05C-4E11-B60F-259D4088FC7F} = {5C9BDD09-AC6B-4143-A763-F4FC9F890289}
		{728DA484-91F3-4395-8143-91258D30296F} = {5C9BDD09-AC6B-4143-A763-F4FC9F890289}
		{E1A3E111-A8F0-4EF9-8C65-13DD3CE5855B} = {5C9BDD09-AC6B-4143-A763-F4FC9F890289}
		{53B47D44-88A3-416B-9DAA-2AEC6EEDB3DD} = {5C9BDD09-AC6B-4143-A763-F4FC9F890289}
		{50A081CB-E5DD-4528-A9EE-5885BD8F35A3} = {74F37D22-44D6-419A-A7C5-928F72891012}
		{CA20682B-FEC9-46E1-8293-6896E8FC16A3} = {5C9BDD09-AC6B-4143-A763-F4FC9F890289}
		{F828DE3A-FD32-4C19-A6EE-9D0DD740F003} = {74F37D22-44D6-419A-A7C5-928F72891012}
		{325B2127-BEE1-44F5-B040-4FFDA7A32D7B} = {28A21CBA-48DF-4BEE-A6CF-844C62DF0312}
		{643A914E-EFA5-45A9-A632-B0546A2D5E71} = {7544C03A-22D7-49DA-BFD2-608E9C18FE8A}
		{7544C03A-22D7-49DA-BFD2-608E9C18FE8A} = {270632FF-66C7-4866-990A-E84BCA50F034}
		{19CF8DCF-9A87-4E2C-BE7F-882C08C36D91} = {28A21CBA-48DF-4BEE-A6CF-844C62DF0312}
		{4A098B1A-F3AD-4896-9536-1E8429503514} = {28A21CBA-48DF-4BEE-A6CF-844C62DF0312}
		{CC256F42-F59A-4607-8734-D07064C6E36E} = {28A21CBA-48DF-4BEE-A6CF-844C62DF0312}
	EndGlobalSection
EndGlobal
